// !$*UTF8*$!
{
	archiveVersion = 1;
	classes = {
	};
	objectVersion = 56;
	objects = {

/* Begin PBXBuildFile section */
		69696B1C2ACA31FC007DD91F /* AppDelegate.swift in Sources */ = {isa = PBXBuildFile; fileRef = 69696B1B2ACA31FC007DD91F /* AppDelegate.swift */; };
		69696B1E2ACA31FC007DD91F /* SceneDelegate.swift in Sources */ = {isa = PBXBuildFile; fileRef = 69696B1D2ACA31FC007DD91F /* SceneDelegate.swift */; };
		69696B202ACA31FC007DD91F /* StudioViewController.swift in Sources */ = {isa = PBXBuildFile; fileRef = 69696B1F2ACA31FC007DD91F /* StudioViewController.swift */; };
		69696B252ACA3200007DD91F /* Assets.xcassets in Resources */ = {isa = PBXBuildFile; fileRef = 69696B242ACA3200007DD91F /* Assets.xcassets */; };
		69696B282ACA3200007DD91F /* LaunchScreen.storyboard in Resources */ = {isa = PBXBuildFile; fileRef = 69696B262ACA3200007DD91F /* LaunchScreen.storyboard */; };
		69696B302ACA354D007DD91F /* boeing-c-17.mp4 in Resources */ = {isa = PBXBuildFile; fileRef = 69696B2F2ACA354D007DD91F /* boeing-c-17.mp4 */; };
		69696B362ACA65DA007DD91F /* PickerViewController.swift in Sources */ = {isa = PBXBuildFile; fileRef = 69696B352ACA65DA007DD91F /* PickerViewController.swift */; };
		69696B3B2ACA66D0007DD91F /* BaseViewController.swift in Sources */ = {isa = PBXBuildFile; fileRef = 69696B3A2ACA66D0007DD91F /* BaseViewController.swift */; };
		697B5C7B2ACA75A500E01711 /* boeing-777.mp4 in Resources */ = {isa = PBXBuildFile; fileRef = 697B5C7A2ACA75A500E01711 /* boeing-777.mp4 */; };
		697B5C7E2ACAB85800E01711 /* LocalFileManager.swift in Sources */ = {isa = PBXBuildFile; fileRef = 697B5C7D2ACAB85800E01711 /* LocalFileManager.swift */; };
		697B5C812ACABA1C00E01711 /* String+Extensions.swift in Sources */ = {isa = PBXBuildFile; fileRef = 697B5C802ACABA1C00E01711 /* String+Extensions.swift */; };
		697B5C832ACAC6CA00E01711 /* URL+Extensions.swift in Sources */ = {isa = PBXBuildFile; fileRef = 697B5C822ACAC6CA00E01711 /* URL+Extensions.swift */; };
		697B5C862ACAD45600E01711 /* MergeManager.swift in Sources */ = {isa = PBXBuildFile; fileRef = 697B5C852ACAD45600E01711 /* MergeManager.swift */; };
		697B5C882ACAD78900E01711 /* Constants.swift in Sources */ = {isa = PBXBuildFile; fileRef = 697B5C872ACAD78900E01711 /* Constants.swift */; };
		697B5C8C2ACB144A00E01711 /* MergeManager+Extensions.swift in Sources */ = {isa = PBXBuildFile; fileRef = 697B5C8B2ACB144A00E01711 /* MergeManager+Extensions.swift */; };
		697B5C8E2ACB15FE00E01711 /* silence.mp3 in Resources */ = {isa = PBXBuildFile; fileRef = 697B5C8D2ACB15FE00E01711 /* silence.mp3 */; };
		697B5C902ACB322300E01711 /* ImageFilter.swift in Sources */ = {isa = PBXBuildFile; fileRef = 697B5C8F2ACB322300E01711 /* ImageFilter.swift */; };
		697B5C932ACB3EB000E01711 /* Log.swift in Sources */ = {isa = PBXBuildFile; fileRef = 697B5C922ACB3EB000E01711 /* Log.swift */; };
		697B5C962ACB4B3C00E01711 /* PreviewViewController.swift in Sources */ = {isa = PBXBuildFile; fileRef = 697B5C952ACB4B3C00E01711 /* PreviewViewController.swift */; };
		697B5C982ACB4C0F00E01711 /* SelectedVideoViewController.swift in Sources */ = {isa = PBXBuildFile; fileRef = 697B5C972ACB4C0F00E01711 /* SelectedVideoViewController.swift */; };
		697B5C9A2ACB4C3100E01711 /* FiltersViewController.swift in Sources */ = {isa = PBXBuildFile; fileRef = 697B5C992ACB4C3100E01711 /* FiltersViewController.swift */; };
		697B5C9C2ACB4D2F00E01711 /* UIVIewController+Extensions.swift in Sources */ = {isa = PBXBuildFile; fileRef = 697B5C9B2ACB4D2F00E01711 /* UIVIewController+Extensions.swift */; };
		697B5C9E2ACB568800E01711 /* RootNavigationController.swift in Sources */ = {isa = PBXBuildFile; fileRef = 697B5C9D2ACB568800E01711 /* RootNavigationController.swift */; };
		697B5CA12ACB641F00E01711 /* StatusViewController.swift in Sources */ = {isa = PBXBuildFile; fileRef = 697B5CA02ACB641F00E01711 /* StatusViewController.swift */; };
		697B5CA52ACB6E4400E01711 /* FilterCell.swift in Sources */ = {isa = PBXBuildFile; fileRef = 697B5CA42ACB6E4400E01711 /* FilterCell.swift */; };
		697B5CA82ACB761200E01711 /* Label.swift in Sources */ = {isa = PBXBuildFile; fileRef = 697B5CA72ACB761200E01711 /* Label.swift */; };
		697B5CAA2ACB7E7E00E01711 /* FiltersManager.swift in Sources */ = {isa = PBXBuildFile; fileRef = 697B5CA92ACB7E7E00E01711 /* FiltersManager.swift */; };
		697B5CAC2ACB898700E01711 /* StudioState.swift in Sources */ = {isa = PBXBuildFile; fileRef = 697B5CAB2ACB898700E01711 /* StudioState.swift */; };
		B790AA37C3BE7BDEFB5451AF /* Pods_VideoMerger_Apple.framework in Frameworks */ = {isa = PBXBuildFile; fileRef = 02FEB61ACF58B3CBD29D3207 /* Pods_VideoMerger_Apple.framework */; };
/* End PBXBuildFile section */

/* Begin PBXFileReference section */
		02FEB61ACF58B3CBD29D3207 /* Pods_VideoMerger_Apple.framework */ = {isa = PBXFileReference; explicitFileType = wrapper.framework; includeInIndex = 0; path = Pods_VideoMerger_Apple.framework; sourceTree = BUILT_PRODUCTS_DIR; };
		5C6657561AED1451B4537F6B /* Pods-VideoMerger-Apple.debug.xcconfig */ = {isa = PBXFileReference; includeInIndex = 1; lastKnownFileType = text.xcconfig; name = "Pods-VideoMerger-Apple.debug.xcconfig"; path = "Target Support Files/Pods-VideoMerger-Apple/Pods-VideoMerger-Apple.debug.xcconfig"; sourceTree = "<group>"; };
		61F85276E3A5866346E53D80 /* Pods-VideoMerger-Apple.release.xcconfig */ = {isa = PBXFileReference; includeInIndex = 1; lastKnownFileType = text.xcconfig; name = "Pods-VideoMerger-Apple.release.xcconfig"; path = "Target Support Files/Pods-VideoMerger-Apple/Pods-VideoMerger-Apple.release.xcconfig"; sourceTree = "<group>"; };
		69696B182ACA31FC007DD91F /* VideoMerger-Apple.app */ = {isa = PBXFileReference; explicitFileType = wrapper.application; includeInIndex = 0; path = "VideoMerger-Apple.app"; sourceTree = BUILT_PRODUCTS_DIR; };
		69696B1B2ACA31FC007DD91F /* AppDelegate.swift */ = {isa = PBXFileReference; lastKnownFileType = sourcecode.swift; path = AppDelegate.swift; sourceTree = "<group>"; };
		69696B1D2ACA31FC007DD91F /* SceneDelegate.swift */ = {isa = PBXFileReference; lastKnownFileType = sourcecode.swift; path = SceneDelegate.swift; sourceTree = "<group>"; };
		69696B1F2ACA31FC007DD91F /* StudioViewController.swift */ = {isa = PBXFileReference; lastKnownFileType = sourcecode.swift; path = StudioViewController.swift; sourceTree = "<group>"; };
		69696B242ACA3200007DD91F /* Assets.xcassets */ = {isa = PBXFileReference; lastKnownFileType = folder.assetcatalog; path = Assets.xcassets; sourceTree = "<group>"; };
		69696B272ACA3200007DD91F /* Base */ = {isa = PBXFileReference; lastKnownFileType = file.storyboard; name = Base; path = Base.lproj/LaunchScreen.storyboard; sourceTree = "<group>"; };
		69696B292ACA3200007DD91F /* Info.plist */ = {isa = PBXFileReference; lastKnownFileType = text.plist.xml; path = Info.plist; sourceTree = "<group>"; };
		69696B2F2ACA354D007DD91F /* boeing-c-17.mp4 */ = {isa = PBXFileReference; lastKnownFileType = file; path = "boeing-c-17.mp4"; sourceTree = "<group>"; };
		69696B352ACA65DA007DD91F /* PickerViewController.swift */ = {isa = PBXFileReference; lastKnownFileType = sourcecode.swift; path = PickerViewController.swift; sourceTree = "<group>"; };
		69696B3A2ACA66D0007DD91F /* BaseViewController.swift */ = {isa = PBXFileReference; lastKnownFileType = sourcecode.swift; path = BaseViewController.swift; sourceTree = "<group>"; };
		697B5C7A2ACA75A500E01711 /* boeing-777.mp4 */ = {isa = PBXFileReference; lastKnownFileType = file; path = "boeing-777.mp4"; sourceTree = "<group>"; };
		697B5C7D2ACAB85800E01711 /* LocalFileManager.swift */ = {isa = PBXFileReference; lastKnownFileType = sourcecode.swift; path = LocalFileManager.swift; sourceTree = "<group>"; };
		697B5C802ACABA1C00E01711 /* String+Extensions.swift */ = {isa = PBXFileReference; lastKnownFileType = sourcecode.swift; path = "String+Extensions.swift"; sourceTree = "<group>"; };
		697B5C822ACAC6CA00E01711 /* URL+Extensions.swift */ = {isa = PBXFileReference; lastKnownFileType = sourcecode.swift; path = "URL+Extensions.swift"; sourceTree = "<group>"; };
		697B5C852ACAD45600E01711 /* MergeManager.swift */ = {isa = PBXFileReference; lastKnownFileType = sourcecode.swift; path = MergeManager.swift; sourceTree = "<group>"; };
		697B5C872ACAD78900E01711 /* Constants.swift */ = {isa = PBXFileReference; lastKnownFileType = sourcecode.swift; path = Constants.swift; sourceTree = "<group>"; };
		697B5C8B2ACB144A00E01711 /* MergeManager+Extensions.swift */ = {isa = PBXFileReference; lastKnownFileType = sourcecode.swift; path = "MergeManager+Extensions.swift"; sourceTree = "<group>"; };
		697B5C8D2ACB15FE00E01711 /* silence.mp3 */ = {isa = PBXFileReference; lastKnownFileType = audio.mp3; path = silence.mp3; sourceTree = "<group>"; };
		697B5C8F2ACB322300E01711 /* ImageFilter.swift */ = {isa = PBXFileReference; lastKnownFileType = sourcecode.swift; path = ImageFilter.swift; sourceTree = "<group>"; };
		697B5C922ACB3EB000E01711 /* Log.swift */ = {isa = PBXFileReference; lastKnownFileType = sourcecode.swift; path = Log.swift; sourceTree = "<group>"; };
		697B5C952ACB4B3C00E01711 /* PreviewViewController.swift */ = {isa = PBXFileReference; lastKnownFileType = sourcecode.swift; path = PreviewViewController.swift; sourceTree = "<group>"; };
		697B5C972ACB4C0F00E01711 /* SelectedVideoViewController.swift */ = {isa = PBXFileReference; lastKnownFileType = sourcecode.swift; path = SelectedVideoViewController.swift; sourceTree = "<group>"; };
		697B5C992ACB4C3100E01711 /* FiltersViewController.swift */ = {isa = PBXFileReference; lastKnownFileType = sourcecode.swift; path = FiltersViewController.swift; sourceTree = "<group>"; };
		697B5C9B2ACB4D2F00E01711 /* UIVIewController+Extensions.swift */ = {isa = PBXFileReference; lastKnownFileType = sourcecode.swift; path = "UIVIewController+Extensions.swift"; sourceTree = "<group>"; };
		697B5C9D2ACB568800E01711 /* RootNavigationController.swift */ = {isa = PBXFileReference; lastKnownFileType = sourcecode.swift; path = RootNavigationController.swift; sourceTree = "<group>"; };
		697B5CA02ACB641F00E01711 /* StatusViewController.swift */ = {isa = PBXFileReference; lastKnownFileType = sourcecode.swift; path = StatusViewController.swift; sourceTree = "<group>"; };
		697B5CA42ACB6E4400E01711 /* FilterCell.swift */ = {isa = PBXFileReference; lastKnownFileType = sourcecode.swift; path = FilterCell.swift; sourceTree = "<group>"; };
		697B5CA72ACB761200E01711 /* Label.swift */ = {isa = PBXFileReference; lastKnownFileType = sourcecode.swift; path = Label.swift; sourceTree = "<group>"; };
		697B5CA92ACB7E7E00E01711 /* FiltersManager.swift */ = {isa = PBXFileReference; lastKnownFileType = sourcecode.swift; path = FiltersManager.swift; sourceTree = "<group>"; };
		697B5CAB2ACB898700E01711 /* StudioState.swift */ = {isa = PBXFileReference; lastKnownFileType = sourcecode.swift; path = StudioState.swift; sourceTree = "<group>"; };
/* End PBXFileReference section */

/* Begin PBXFrameworksBuildPhase section */
		69696B152ACA31FC007DD91F /* Frameworks */ = {
			isa = PBXFrameworksBuildPhase;
			buildActionMask = 2147483647;
			files = (
				B790AA37C3BE7BDEFB5451AF /* Pods_VideoMerger_Apple.framework in Frameworks */,
			);
			runOnlyForDeploymentPostprocessing = 0;
		};
/* End PBXFrameworksBuildPhase section */

/* Begin PBXGroup section */
		287A192017EA797F367248CF /* Frameworks */ = {
			isa = PBXGroup;
			children = (
				02FEB61ACF58B3CBD29D3207 /* Pods_VideoMerger_Apple.framework */,
			);
			name = Frameworks;
			sourceTree = "<group>";
		};
		3D24CC19D9FB70764274AD02 /* Pods */ = {
			isa = PBXGroup;
			children = (
				5C6657561AED1451B4537F6B /* Pods-VideoMerger-Apple.debug.xcconfig */,
				61F85276E3A5866346E53D80 /* Pods-VideoMerger-Apple.release.xcconfig */,
			);
			path = Pods;
			sourceTree = "<group>";
		};
		69696B0F2ACA31FC007DD91F = {
			isa = PBXGroup;
			children = (
				69696B1A2ACA31FC007DD91F /* VideoMerger-Apple */,
				69696B192ACA31FC007DD91F /* Products */,
				3D24CC19D9FB70764274AD02 /* Pods */,
				287A192017EA797F367248CF /* Frameworks */,
			);
			sourceTree = "<group>";
		};
		69696B192ACA31FC007DD91F /* Products */ = {
			isa = PBXGroup;
			children = (
				69696B182ACA31FC007DD91F /* VideoMerger-Apple.app */,
			);
			name = Products;
			sourceTree = "<group>";
		};
		69696B1A2ACA31FC007DD91F /* VideoMerger-Apple */ = {
			isa = PBXGroup;
			children = (
				69696B322ACA65B0007DD91F /* Base */,
				69696B372ACA664C007DD91F /* Screens */,
				697B5C842ACAD44400E01711 /* Managers */,
				697B5CA62ACB760400E01711 /* Views */,
				697B5C912ACB3EA300E01711 /* Tools */,
				697B5C7F2ACABA0D00E01711 /* Extensions */,
				697B5C872ACAD78900E01711 /* Constants.swift */,
				69696B1D2ACA31FC007DD91F /* SceneDelegate.swift */,
				69696B1B2ACA31FC007DD91F /* AppDelegate.swift */,
				69696B242ACA3200007DD91F /* Assets.xcassets */,
				69696B262ACA3200007DD91F /* LaunchScreen.storyboard */,
				69696B292ACA3200007DD91F /* Info.plist */,
				69696B312ACA3550007DD91F /* Resources */,
			);
			path = "VideoMerger-Apple";
			sourceTree = "<group>";
		};
		69696B312ACA3550007DD91F /* Resources */ = {
			isa = PBXGroup;
			children = (
				69696B2F2ACA354D007DD91F /* boeing-c-17.mp4 */,
				697B5C7A2ACA75A500E01711 /* boeing-777.mp4 */,
				697B5C8D2ACB15FE00E01711 /* silence.mp3 */,
			);
			path = Resources;
			sourceTree = "<group>";
		};
		69696B322ACA65B0007DD91F /* Base */ = {
			isa = PBXGroup;
			children = (
				697B5C9D2ACB568800E01711 /* RootNavigationController.swift */,
				69696B3A2ACA66D0007DD91F /* BaseViewController.swift */,
			);
			path = Base;
			sourceTree = "<group>";
		};
		69696B372ACA664C007DD91F /* Screens */ = {
			isa = PBXGroup;
			children = (
				69696B382ACA6654007DD91F /* Picker */,
				69696B392ACA665A007DD91F /* Studio */,
			);
			path = Screens;
			sourceTree = "<group>";
		};
		69696B382ACA6654007DD91F /* Picker */ = {
			isa = PBXGroup;
			children = (
				69696B352ACA65DA007DD91F /* PickerViewController.swift */,
			);
			path = Picker;
			sourceTree = "<group>";
		};
		69696B392ACA665A007DD91F /* Studio */ = {
			isa = PBXGroup;
			children = (
				697B5C9F2ACB5DB600E01711 /* Managers */,
				69696B1F2ACA31FC007DD91F /* StudioViewController.swift */,
				697B5C8F2ACB322300E01711 /* ImageFilter.swift */,
				697B5C952ACB4B3C00E01711 /* PreviewViewController.swift */,
				697B5C972ACB4C0F00E01711 /* SelectedVideoViewController.swift */,
				697B5C992ACB4C3100E01711 /* FiltersViewController.swift */,
				697B5CA42ACB6E4400E01711 /* FilterCell.swift */,
				697B5CA02ACB641F00E01711 /* StatusViewController.swift */,
				697B5CAB2ACB898700E01711 /* StudioState.swift */,
			);
			path = Studio;
			sourceTree = "<group>";
		};
		697B5C7F2ACABA0D00E01711 /* Extensions */ = {
			isa = PBXGroup;
			children = (
				697B5C802ACABA1C00E01711 /* String+Extensions.swift */,
				697B5C822ACAC6CA00E01711 /* URL+Extensions.swift */,
				697B5C9B2ACB4D2F00E01711 /* UIVIewController+Extensions.swift */,
			);
			path = Extensions;
			sourceTree = "<group>";
		};
		697B5C842ACAD44400E01711 /* Managers */ = {
			isa = PBXGroup;
			children = (
				697B5C7D2ACAB85800E01711 /* LocalFileManager.swift */,
			);
			path = Managers;
			sourceTree = "<group>";
		};
		697B5C912ACB3EA300E01711 /* Tools */ = {
			isa = PBXGroup;
			children = (
				697B5C922ACB3EB000E01711 /* Log.swift */,
			);
			path = Tools;
			sourceTree = "<group>";
		};
		697B5C9F2ACB5DB600E01711 /* Managers */ = {
			isa = PBXGroup;
			children = (
				697B5C852ACAD45600E01711 /* MergeManager.swift */,
				697B5C8B2ACB144A00E01711 /* MergeManager+Extensions.swift */,
				697B5CA92ACB7E7E00E01711 /* FiltersManager.swift */,
			);
			path = Managers;
			sourceTree = "<group>";
		};
		697B5CA62ACB760400E01711 /* Views */ = {
			isa = PBXGroup;
			children = (
				697B5CA72ACB761200E01711 /* Label.swift */,
			);
			path = Views;
			sourceTree = "<group>";
		};
/* End PBXGroup section */

/* Begin PBXNativeTarget section */
		69696B172ACA31FC007DD91F /* VideoMerger-Apple */ = {
			isa = PBXNativeTarget;
			buildConfigurationList = 69696B2C2ACA3200007DD91F /* Build configuration list for PBXNativeTarget "VideoMerger-Apple" */;
			buildPhases = (
				01AD2318BC625DFB3988533D /* [CP] Check Pods Manifest.lock */,
				69696B142ACA31FC007DD91F /* Sources */,
				69696B152ACA31FC007DD91F /* Frameworks */,
				69696B162ACA31FC007DD91F /* Resources */,
				FE931DFAC968FDA385375FF4 /* [CP] Embed Pods Frameworks */,
			);
			buildRules = (
			);
			dependencies = (
			);
			name = "VideoMerger-Apple";
			productName = "VideoMerger-Apple";
			productReference = 69696B182ACA31FC007DD91F /* VideoMerger-Apple.app */;
			productType = "com.apple.product-type.application";
		};
/* End PBXNativeTarget section */

/* Begin PBXProject section */
		69696B102ACA31FC007DD91F /* Project object */ = {
			isa = PBXProject;
			attributes = {
				BuildIndependentTargetsInParallel = 1;
				LastSwiftUpdateCheck = 1430;
				LastUpgradeCheck = 1430;
				TargetAttributes = {
					69696B172ACA31FC007DD91F = {
						CreatedOnToolsVersion = 14.3.1;
					};
				};
			};
			buildConfigurationList = 69696B132ACA31FC007DD91F /* Build configuration list for PBXProject "VideoMerger-Apple" */;
			compatibilityVersion = "Xcode 14.0";
			developmentRegion = en;
			hasScannedForEncodings = 0;
			knownRegions = (
				en,
				Base,
			);
			mainGroup = 69696B0F2ACA31FC007DD91F;
			productRefGroup = 69696B192ACA31FC007DD91F /* Products */;
			projectDirPath = "";
			projectRoot = "";
			targets = (
				69696B172ACA31FC007DD91F /* VideoMerger-Apple */,
			);
		};
/* End PBXProject section */

/* Begin PBXResourcesBuildPhase section */
		69696B162ACA31FC007DD91F /* Resources */ = {
			isa = PBXResourcesBuildPhase;
			buildActionMask = 2147483647;
			files = (
				69696B302ACA354D007DD91F /* boeing-c-17.mp4 in Resources */,
				69696B282ACA3200007DD91F /* LaunchScreen.storyboard in Resources */,
				69696B252ACA3200007DD91F /* Assets.xcassets in Resources */,
				697B5C8E2ACB15FE00E01711 /* silence.mp3 in Resources */,
				697B5C7B2ACA75A500E01711 /* boeing-777.mp4 in Resources */,
			);
			runOnlyForDeploymentPostprocessing = 0;
		};
/* End PBXResourcesBuildPhase section */

/* Begin PBXShellScriptBuildPhase section */
		01AD2318BC625DFB3988533D /* [CP] Check Pods Manifest.lock */ = {
			isa = PBXShellScriptBuildPhase;
			buildActionMask = 2147483647;
			files = (
			);
			inputFileListPaths = (
			);
			inputPaths = (
				"${PODS_PODFILE_DIR_PATH}/Podfile.lock",
				"${PODS_ROOT}/Manifest.lock",
			);
			name = "[CP] Check Pods Manifest.lock";
			outputFileListPaths = (
			);
			outputPaths = (
				"$(DERIVED_FILE_DIR)/Pods-VideoMerger-Apple-checkManifestLockResult.txt",
			);
			runOnlyForDeploymentPostprocessing = 0;
			shellPath = /bin/sh;
			shellScript = "diff \"${PODS_PODFILE_DIR_PATH}/Podfile.lock\" \"${PODS_ROOT}/Manifest.lock\" > /dev/null\nif [ $? != 0 ] ; then\n    # print error to STDERR\n    echo \"error: The sandbox is not in sync with the Podfile.lock. Run 'pod install' or update your CocoaPods installation.\" >&2\n    exit 1\nfi\n# This output is used by Xcode 'outputs' to avoid re-running this script phase.\necho \"SUCCESS\" > \"${SCRIPT_OUTPUT_FILE_0}\"\n";
			showEnvVarsInLog = 0;
		};
		FE931DFAC968FDA385375FF4 /* [CP] Embed Pods Frameworks */ = {
			isa = PBXShellScriptBuildPhase;
			buildActionMask = 2147483647;
			files = (
			);
			inputFileListPaths = (
				"${PODS_ROOT}/Target Support Files/Pods-VideoMerger-Apple/Pods-VideoMerger-Apple-frameworks-${CONFIGURATION}-input-files.xcfilelist",
			);
			name = "[CP] Embed Pods Frameworks";
			outputFileListPaths = (
				"${PODS_ROOT}/Target Support Files/Pods-VideoMerger-Apple/Pods-VideoMerger-Apple-frameworks-${CONFIGURATION}-output-files.xcfilelist",
			);
			runOnlyForDeploymentPostprocessing = 0;
			shellPath = /bin/sh;
			shellScript = "\"${PODS_ROOT}/Target Support Files/Pods-VideoMerger-Apple/Pods-VideoMerger-Apple-frameworks.sh\"\n";
			showEnvVarsInLog = 0;
		};
/* End PBXShellScriptBuildPhase section */

/* Begin PBXSourcesBuildPhase section */
		69696B142ACA31FC007DD91F /* Sources */ = {
			isa = PBXSourcesBuildPhase;
			buildActionMask = 2147483647;
			files = (
				69696B362ACA65DA007DD91F /* PickerViewController.swift in Sources */,
				697B5CA12ACB641F00E01711 /* StatusViewController.swift in Sources */,
				697B5C982ACB4C0F00E01711 /* SelectedVideoViewController.swift in Sources */,
				697B5C902ACB322300E01711 /* ImageFilter.swift in Sources */,
				697B5C882ACAD78900E01711 /* Constants.swift in Sources */,
				697B5CA82ACB761200E01711 /* Label.swift in Sources */,
				697B5C832ACAC6CA00E01711 /* URL+Extensions.swift in Sources */,
				69696B202ACA31FC007DD91F /* StudioViewController.swift in Sources */,
				697B5C9C2ACB4D2F00E01711 /* UIVIewController+Extensions.swift in Sources */,
				697B5C8C2ACB144A00E01711 /* MergeManager+Extensions.swift in Sources */,
				697B5CA52ACB6E4400E01711 /* FilterCell.swift in Sources */,
				697B5CAA2ACB7E7E00E01711 /* FiltersManager.swift in Sources */,
				69696B1C2ACA31FC007DD91F /* AppDelegate.swift in Sources */,
				697B5C962ACB4B3C00E01711 /* PreviewViewController.swift in Sources */,
				697B5C932ACB3EB000E01711 /* Log.swift in Sources */,
				697B5C9E2ACB568800E01711 /* RootNavigationController.swift in Sources */,
				697B5C812ACABA1C00E01711 /* String+Extensions.swift in Sources */,
				69696B1E2ACA31FC007DD91F /* SceneDelegate.swift in Sources */,
				697B5C862ACAD45600E01711 /* MergeManager.swift in Sources */,
				697B5CAC2ACB898700E01711 /* StudioState.swift in Sources */,
				69696B3B2ACA66D0007DD91F /* BaseViewController.swift in Sources */,
				697B5C7E2ACAB85800E01711 /* LocalFileManager.swift in Sources */,
				697B5C9A2ACB4C3100E01711 /* FiltersViewController.swift in Sources */,
			);
			runOnlyForDeploymentPostprocessing = 0;
		};
/* End PBXSourcesBuildPhase section */

/* Begin PBXVariantGroup section */
		69696B262ACA3200007DD91F /* LaunchScreen.storyboard */ = {
			isa = PBXVariantGroup;
			children = (
				69696B272ACA3200007DD91F /* Base */,
			);
			name = LaunchScreen.storyboard;
			sourceTree = "<group>";
		};
/* End PBXVariantGroup section */

/* Begin XCBuildConfiguration section */
		69696B2A2ACA3200007DD91F /* Debug */ = {
			isa = XCBuildConfiguration;
			buildSettings = {
				ALWAYS_SEARCH_USER_PATHS = NO;
				CLANG_ANALYZER_NONNULL = YES;
				CLANG_ANALYZER_NUMBER_OBJECT_CONVERSION = YES_AGGRESSIVE;
				CLANG_CXX_LANGUAGE_STANDARD = "gnu++20";
				CLANG_ENABLE_MODULES = YES;
				CLANG_ENABLE_OBJC_ARC = YES;
				CLANG_ENABLE_OBJC_WEAK = YES;
				CLANG_WARN_BLOCK_CAPTURE_AUTORELEASING = YES;
				CLANG_WARN_BOOL_CONVERSION = YES;
				CLANG_WARN_COMMA = YES;
				CLANG_WARN_CONSTANT_CONVERSION = YES;
				CLANG_WARN_DEPRECATED_OBJC_IMPLEMENTATIONS = YES;
				CLANG_WARN_DIRECT_OBJC_ISA_USAGE = YES_ERROR;
				CLANG_WARN_DOCUMENTATION_COMMENTS = YES;
				CLANG_WARN_EMPTY_BODY = YES;
				CLANG_WARN_ENUM_CONVERSION = YES;
				CLANG_WARN_INFINITE_RECURSION = YES;
				CLANG_WARN_INT_CONVERSION = YES;
				CLANG_WARN_NON_LITERAL_NULL_CONVERSION = YES;
				CLANG_WARN_OBJC_IMPLICIT_RETAIN_SELF = YES;
				CLANG_WARN_OBJC_LITERAL_CONVERSION = YES;
				CLANG_WARN_OBJC_ROOT_CLASS = YES_ERROR;
				CLANG_WARN_QUOTED_INCLUDE_IN_FRAMEWORK_HEADER = YES;
				CLANG_WARN_RANGE_LOOP_ANALYSIS = YES;
				CLANG_WARN_STRICT_PROTOTYPES = YES;
				CLANG_WARN_SUSPICIOUS_MOVE = YES;
				CLANG_WARN_UNGUARDED_AVAILABILITY = YES_AGGRESSIVE;
				CLANG_WARN_UNREACHABLE_CODE = YES;
				CLANG_WARN__DUPLICATE_METHOD_MATCH = YES;
				COPY_PHASE_STRIP = NO;
				DEBUG_INFORMATION_FORMAT = dwarf;
				ENABLE_STRICT_OBJC_MSGSEND = YES;
				ENABLE_TESTABILITY = YES;
				GCC_C_LANGUAGE_STANDARD = gnu11;
				GCC_DYNAMIC_NO_PIC = NO;
				GCC_NO_COMMON_BLOCKS = YES;
				GCC_OPTIMIZATION_LEVEL = 0;
				GCC_PREPROCESSOR_DEFINITIONS = (
					"DEBUG=1",
					"$(inherited)",
				);
				GCC_WARN_64_TO_32_BIT_CONVERSION = YES;
				GCC_WARN_ABOUT_RETURN_TYPE = YES_ERROR;
				GCC_WARN_UNDECLARED_SELECTOR = YES;
				GCC_WARN_UNINITIALIZED_AUTOS = YES_AGGRESSIVE;
				GCC_WARN_UNUSED_FUNCTION = YES;
				GCC_WARN_UNUSED_VARIABLE = YES;
				IPHONEOS_DEPLOYMENT_TARGET = 16.4;
				MTL_ENABLE_DEBUG_INFO = INCLUDE_SOURCE;
				MTL_FAST_MATH = YES;
				ONLY_ACTIVE_ARCH = YES;
				SDKROOT = iphoneos;
				SWIFT_ACTIVE_COMPILATION_CONDITIONS = DEBUG;
				SWIFT_OPTIMIZATION_LEVEL = "-Onone";
			};
			name = Debug;
		};
		69696B2B2ACA3200007DD91F /* Release */ = {
			isa = XCBuildConfiguration;
			buildSettings = {
				ALWAYS_SEARCH_USER_PATHS = NO;
				CLANG_ANALYZER_NONNULL = YES;
				CLANG_ANALYZER_NUMBER_OBJECT_CONVERSION = YES_AGGRESSIVE;
				CLANG_CXX_LANGUAGE_STANDARD = "gnu++20";
				CLANG_ENABLE_MODULES = YES;
				CLANG_ENABLE_OBJC_ARC = YES;
				CLANG_ENABLE_OBJC_WEAK = YES;
				CLANG_WARN_BLOCK_CAPTURE_AUTORELEASING = YES;
				CLANG_WARN_BOOL_CONVERSION = YES;
				CLANG_WARN_COMMA = YES;
				CLANG_WARN_CONSTANT_CONVERSION = YES;
				CLANG_WARN_DEPRECATED_OBJC_IMPLEMENTATIONS = YES;
				CLANG_WARN_DIRECT_OBJC_ISA_USAGE = YES_ERROR;
				CLANG_WARN_DOCUMENTATION_COMMENTS = YES;
				CLANG_WARN_EMPTY_BODY = YES;
				CLANG_WARN_ENUM_CONVERSION = YES;
				CLANG_WARN_INFINITE_RECURSION = YES;
				CLANG_WARN_INT_CONVERSION = YES;
				CLANG_WARN_NON_LITERAL_NULL_CONVERSION = YES;
				CLANG_WARN_OBJC_IMPLICIT_RETAIN_SELF = YES;
				CLANG_WARN_OBJC_LITERAL_CONVERSION = YES;
				CLANG_WARN_OBJC_ROOT_CLASS = YES_ERROR;
				CLANG_WARN_QUOTED_INCLUDE_IN_FRAMEWORK_HEADER = YES;
				CLANG_WARN_RANGE_LOOP_ANALYSIS = YES;
				CLANG_WARN_STRICT_PROTOTYPES = YES;
				CLANG_WARN_SUSPICIOUS_MOVE = YES;
				CLANG_WARN_UNGUARDED_AVAILABILITY = YES_AGGRESSIVE;
				CLANG_WARN_UNREACHABLE_CODE = YES;
				CLANG_WARN__DUPLICATE_METHOD_MATCH = YES;
				COPY_PHASE_STRIP = NO;
				DEBUG_INFORMATION_FORMAT = "dwarf-with-dsym";
				ENABLE_NS_ASSERTIONS = NO;
				ENABLE_STRICT_OBJC_MSGSEND = YES;
				GCC_C_LANGUAGE_STANDARD = gnu11;
				GCC_NO_COMMON_BLOCKS = YES;
				GCC_WARN_64_TO_32_BIT_CONVERSION = YES;
				GCC_WARN_ABOUT_RETURN_TYPE = YES_ERROR;
				GCC_WARN_UNDECLARED_SELECTOR = YES;
				GCC_WARN_UNINITIALIZED_AUTOS = YES_AGGRESSIVE;
				GCC_WARN_UNUSED_FUNCTION = YES;
				GCC_WARN_UNUSED_VARIABLE = YES;
				IPHONEOS_DEPLOYMENT_TARGET = 16.4;
				MTL_ENABLE_DEBUG_INFO = NO;
				MTL_FAST_MATH = YES;
				SDKROOT = iphoneos;
				SWIFT_COMPILATION_MODE = wholemodule;
				SWIFT_OPTIMIZATION_LEVEL = "-O";
				VALIDATE_PRODUCT = YES;
			};
			name = Release;
		};
		69696B2D2ACA3200007DD91F /* Debug */ = {
			isa = XCBuildConfiguration;
			baseConfigurationReference = 5C6657561AED1451B4537F6B /* Pods-VideoMerger-Apple.debug.xcconfig */;
			buildSettings = {
				ASSETCATALOG_COMPILER_APPICON_NAME = AppIcon;
				ASSETCATALOG_COMPILER_GLOBAL_ACCENT_COLOR_NAME = AccentColor;
				CODE_SIGN_STYLE = Automatic;
				CURRENT_PROJECT_VERSION = 1;
				DEVELOPMENT_TEAM = 9TZZKGNZ6W;
				GENERATE_INFOPLIST_FILE = YES;
				INFOPLIST_FILE = "VideoMerger-Apple/Info.plist";
				INFOPLIST_KEY_UIApplicationSupportsIndirectInputEvents = YES;
				INFOPLIST_KEY_UILaunchStoryboardName = LaunchScreen;
				INFOPLIST_KEY_UISupportedInterfaceOrientations_iPad = "UIInterfaceOrientationPortrait UIInterfaceOrientationPortraitUpsideDown UIInterfaceOrientationLandscapeLeft UIInterfaceOrientationLandscapeRight";
				INFOPLIST_KEY_UISupportedInterfaceOrientations_iPhone = "UIInterfaceOrientationPortrait UIInterfaceOrientationLandscapeLeft UIInterfaceOrientationLandscapeRight";
				LD_RUNPATH_SEARCH_PATHS = (
					"$(inherited)",
					"@executable_path/Frameworks",
				);
				MARKETING_VERSION = 1.0;
				PRODUCT_BUNDLE_IDENTIFIER = "com.il.test.vidak.VideoMerger-Apple";
				PRODUCT_NAME = "$(TARGET_NAME)";
				SWIFT_EMIT_LOC_STRINGS = YES;
				SWIFT_VERSION = 5.0;
				TARGETED_DEVICE_FAMILY = "1,2";
			};
			name = Debug;
		};
		69696B2E2ACA3200007DD91F /* Release */ = {
			isa = XCBuildConfiguration;
			baseConfigurationReference = 61F85276E3A5866346E53D80 /* Pods-VideoMerger-Apple.release.xcconfig */;
			buildSettings = {
				ASSETCATALOG_COMPILER_APPICON_NAME = AppIcon;
				ASSETCATALOG_COMPILER_GLOBAL_ACCENT_COLOR_NAME = AccentColor;
				CODE_SIGN_STYLE = Automatic;
				CURRENT_PROJECT_VERSION = 1;
				DEVELOPMENT_TEAM = 9TZZKGNZ6W;
				GENERATE_INFOPLIST_FILE = YES;
				INFOPLIST_FILE = "VideoMerger-Apple/Info.plist";
				INFOPLIST_KEY_UIApplicationSupportsIndirectInputEvents = YES;
				INFOPLIST_KEY_UILaunchStoryboardName = LaunchScreen;
				INFOPLIST_KEY_UISupportedInterfaceOrientations_iPad = "UIInterfaceOrientationPortrait UIInterfaceOrientationPortraitUpsideDown UIInterfaceOrientationLandscapeLeft UIInterfaceOrientationLandscapeRight";
				INFOPLIST_KEY_UISupportedInterfaceOrientations_iPhone = "UIInterfaceOrientationPortrait UIInterfaceOrientationLandscapeLeft UIInterfaceOrientationLandscapeRight";
				LD_RUNPATH_SEARCH_PATHS = (
					"$(inherited)",
					"@executable_path/Frameworks",
				);
				MARKETING_VERSION = 1.0;
				PRODUCT_BUNDLE_IDENTIFIER = "com.il.test.vidak.VideoMerger-Apple";
				PRODUCT_NAME = "$(TARGET_NAME)";
				SWIFT_EMIT_LOC_STRINGS = YES;
				SWIFT_VERSION = 5.0;
				TARGETED_DEVICE_FAMILY = "1,2";
			};
			name = Release;
		};
/* End XCBuildConfiguration section */

/* Begin XCConfigurationList section */
		69696B132ACA31FC007DD91F /* Build configuration list for PBXProject "VideoMerger-Apple" */ = {
			isa = XCConfigurationList;
			buildConfigurations = (
				69696B2A2ACA3200007DD91F /* Debug */,
				69696B2B2ACA3200007DD91F /* Release */,
			);
			defaultConfigurationIsVisible = 0;
			defaultConfigurationName = Release;
		};
		69696B2C2ACA3200007DD91F /* Build configuration list for PBXNativeTarget "VideoMerger-Apple" */ = {
			isa = XCConfigurationList;
			buildConfigurations = (
				69696B2D2ACA3200007DD91F /* Debug */,
				69696B2E2ACA3200007DD91F /* Release */,
			);
			defaultConfigurationIsVisible = 0;
			defaultConfigurationName = Release;
		};
/* End XCConfigurationList section */
	};
	rootObject = 69696B102ACA31FC007DD91F /* Project object */;
}
