// !$*UTF8*$!
{
	archiveVersion = 1;
	classes = {
	};
	objectVersion = 56;
	objects = {

/* Begin PBXBuildFile section */
		22258D8BC9F223DC4E0FB8D0 /* Pods_FiltersModelTests.framework in Frameworks */ = {isa = PBXBuildFile; fileRef = EB5076AE73FDD2E51E456D38 /* Pods_FiltersModelTests.framework */; };
		691E5BF12AD63F1800395128 /* ImageFilter.swift in Sources */ = {isa = PBXBuildFile; fileRef = 697B5C8F2ACB322300E01711 /* ImageFilter.swift */; };
		691E5BFE2AD6424D00395128 /* Networking.swift in Sources */ = {isa = PBXBuildFile; fileRef = 691E5BF52AD6424D00395128 /* Networking.swift */; };
		691E5C002AD6424D00395128 /* FiltersGetting.swift in Sources */ = {isa = PBXBuildFile; fileRef = 691E5BF72AD6424D00395128 /* FiltersGetting.swift */; };
		691E5C022AD6424D00395128 /* Network.swift in Sources */ = {isa = PBXBuildFile; fileRef = 691E5BF92AD6424D00395128 /* Network.swift */; };
		691E5C042AD6424D00395128 /* FiltersService.swift in Sources */ = {isa = PBXBuildFile; fileRef = 691E5BFB2AD6424D00395128 /* FiltersService.swift */; };
		691E5C052AD6424D00395128 /* NetworkError.swift in Sources */ = {isa = PBXBuildFile; fileRef = 691E5BFD2AD6424D00395128 /* NetworkError.swift */; };
		691E5C0D2AD642AC00395128 /* FiltersCollectionViewModel.swift in Sources */ = {isa = PBXBuildFile; fileRef = 691E5C092AD642AC00395128 /* FiltersCollectionViewModel.swift */; };
		691E5C0E2AD642AC00395128 /* FiltersCollectionViewCellModeling.swift in Sources */ = {isa = PBXBuildFile; fileRef = 691E5C0A2AD642AC00395128 /* FiltersCollectionViewCellModeling.swift */; };
		691E5C0F2AD642AC00395128 /* FiltersCollectionViewCellModel.swift in Sources */ = {isa = PBXBuildFile; fileRef = 691E5C0B2AD642AC00395128 /* FiltersCollectionViewCellModel.swift */; };
		691E5C102AD642AC00395128 /* FiltersCollectionViewModeling.swift in Sources */ = {isa = PBXBuildFile; fileRef = 691E5C0C2AD642AC00395128 /* FiltersCollectionViewModeling.swift */; };
		6939C4692AD65B8B00BB7555 /* FiltersCollectionViewCellModelSpec.swift in Sources */ = {isa = PBXBuildFile; fileRef = 6939C4662AD65B8A00BB7555 /* FiltersCollectionViewCellModelSpec.swift */; };
		6939C46A2AD65B8B00BB7555 /* DummyResponse.swift in Sources */ = {isa = PBXBuildFile; fileRef = 6939C4672AD65B8B00BB7555 /* DummyResponse.swift */; };
		6939C46B2AD65B8B00BB7555 /* FiltersCollectionViewModelSpec.swift in Sources */ = {isa = PBXBuildFile; fileRef = 6939C4682AD65B8B00BB7555 /* FiltersCollectionViewModelSpec.swift */; };
		6939C46C2AD65D0900BB7555 /* NetworkSpec.swift in Sources */ = {isa = PBXBuildFile; fileRef = 6939C4602AD65B6A00BB7555 /* NetworkSpec.swift */; };
		6939C46D2AD65D0900BB7555 /* DummyResponse.swift in Sources */ = {isa = PBXBuildFile; fileRef = 6939C45E2AD65B6A00BB7555 /* DummyResponse.swift */; };
		6939C46F2AD65D0900BB7555 /* FiltersServiceSpec.swift in Sources */ = {isa = PBXBuildFile; fileRef = 6939C45F2AD65B6A00BB7555 /* FiltersServiceSpec.swift */; };
		69696B1C2ACA31FC007DD91F /* AppDelegate.swift in Sources */ = {isa = PBXBuildFile; fileRef = 69696B1B2ACA31FC007DD91F /* AppDelegate.swift */; };
		69696B1E2ACA31FC007DD91F /* SceneDelegate.swift in Sources */ = {isa = PBXBuildFile; fileRef = 69696B1D2ACA31FC007DD91F /* SceneDelegate.swift */; };
		69696B202ACA31FC007DD91F /* StudioViewController.swift in Sources */ = {isa = PBXBuildFile; fileRef = 69696B1F2ACA31FC007DD91F /* StudioViewController.swift */; };
		69696B252ACA3200007DD91F /* Assets.xcassets in Resources */ = {isa = PBXBuildFile; fileRef = 69696B242ACA3200007DD91F /* Assets.xcassets */; };
		69696B282ACA3200007DD91F /* LaunchScreen.storyboard in Resources */ = {isa = PBXBuildFile; fileRef = 69696B262ACA3200007DD91F /* LaunchScreen.storyboard */; };
		69696B302ACA354D007DD91F /* boeing-c-17.mp4 in Resources */ = {isa = PBXBuildFile; fileRef = 69696B2F2ACA354D007DD91F /* boeing-c-17.mp4 */; };
		69696B362ACA65DA007DD91F /* PickerViewController.swift in Sources */ = {isa = PBXBuildFile; fileRef = 69696B352ACA65DA007DD91F /* PickerViewController.swift */; };
		69696B3B2ACA66D0007DD91F /* BaseViewController.swift in Sources */ = {isa = PBXBuildFile; fileRef = 69696B3A2ACA66D0007DD91F /* BaseViewController.swift */; };
		697B5C7B2ACA75A500E01711 /* boeing-777.mp4 in Resources */ = {isa = PBXBuildFile; fileRef = 697B5C7A2ACA75A500E01711 /* boeing-777.mp4 */; };
		697B5C7E2ACAB85800E01711 /* LocalFileManager.swift in Sources */ = {isa = PBXBuildFile; fileRef = 697B5C7D2ACAB85800E01711 /* LocalFileManager.swift */; };
		697B5C832ACAC6CA00E01711 /* URL+Extensions.swift in Sources */ = {isa = PBXBuildFile; fileRef = 697B5C822ACAC6CA00E01711 /* URL+Extensions.swift */; };
		697B5C862ACAD45600E01711 /* MergeManager.swift in Sources */ = {isa = PBXBuildFile; fileRef = 697B5C852ACAD45600E01711 /* MergeManager.swift */; };
		697B5C882ACAD78900E01711 /* Constants.swift in Sources */ = {isa = PBXBuildFile; fileRef = 697B5C872ACAD78900E01711 /* Constants.swift */; };
		697B5C8E2ACB15FE00E01711 /* silence.mp3 in Resources */ = {isa = PBXBuildFile; fileRef = 697B5C8D2ACB15FE00E01711 /* silence.mp3 */; };
		697B5C932ACB3EB000E01711 /* Log.swift in Sources */ = {isa = PBXBuildFile; fileRef = 697B5C922ACB3EB000E01711 /* Log.swift */; };
		697B5C962ACB4B3C00E01711 /* PreviewViewController.swift in Sources */ = {isa = PBXBuildFile; fileRef = 697B5C952ACB4B3C00E01711 /* PreviewViewController.swift */; };
		697B5C982ACB4C0F00E01711 /* ClipsViewController.swift in Sources */ = {isa = PBXBuildFile; fileRef = 697B5C972ACB4C0F00E01711 /* ClipsViewController.swift */; };
		697B5C9A2ACB4C3100E01711 /* FiltersViewController.swift in Sources */ = {isa = PBXBuildFile; fileRef = 697B5C992ACB4C3100E01711 /* FiltersViewController.swift */; };
		697B5C9C2ACB4D2F00E01711 /* UIVIewController+Extensions.swift in Sources */ = {isa = PBXBuildFile; fileRef = 697B5C9B2ACB4D2F00E01711 /* UIVIewController+Extensions.swift */; };
		697B5C9E2ACB568800E01711 /* RootNavigationController.swift in Sources */ = {isa = PBXBuildFile; fileRef = 697B5C9D2ACB568800E01711 /* RootNavigationController.swift */; };
		697B5CA12ACB641F00E01711 /* StatusViewController.swift in Sources */ = {isa = PBXBuildFile; fileRef = 697B5CA02ACB641F00E01711 /* StatusViewController.swift */; };
		697B5CA52ACB6E4400E01711 /* FilterCell.swift in Sources */ = {isa = PBXBuildFile; fileRef = 697B5CA42ACB6E4400E01711 /* FilterCell.swift */; };
		697B5CA82ACB761200E01711 /* Label.swift in Sources */ = {isa = PBXBuildFile; fileRef = 697B5CA72ACB761200E01711 /* Label.swift */; };
		697B5CAA2ACB7E7E00E01711 /* FiltersManager.swift in Sources */ = {isa = PBXBuildFile; fileRef = 697B5CA92ACB7E7E00E01711 /* FiltersManager.swift */; };
		697B5CAC2ACB898700E01711 /* StudioState.swift in Sources */ = {isa = PBXBuildFile; fileRef = 697B5CAB2ACB898700E01711 /* StudioState.swift */; };
		697B5CAE2ACB8FF200E01711 /* Font.swift in Sources */ = {isa = PBXBuildFile; fileRef = 697B5CAD2ACB8FF200E01711 /* Font.swift */; };
		697B5CB02ACBB54200E01711 /* ClipCell.swift in Sources */ = {isa = PBXBuildFile; fileRef = 697B5CAF2ACBB54200E01711 /* ClipCell.swift */; };
		697B5CB22ACBB76B00E01711 /* ClipsManager.swift in Sources */ = {isa = PBXBuildFile; fileRef = 697B5CB12ACBB76B00E01711 /* ClipsManager.swift */; };
		697B5CB92ACBCD7C00E01711 /* ExportViewController.swift in Sources */ = {isa = PBXBuildFile; fileRef = 697B5CB82ACBCD7C00E01711 /* ExportViewController.swift */; };
		697B5CBB2ACBE6BA00E01711 /* Button.swift in Sources */ = {isa = PBXBuildFile; fileRef = 697B5CBA2ACBE6BA00E01711 /* Button.swift */; };
		697B5CC72ACCF9EB00E01711 /* CollectionViewController.swift in Sources */ = {isa = PBXBuildFile; fileRef = 697B5CC62ACCF9EB00E01711 /* CollectionViewController.swift */; };
		699BB2332AD8D3AD0036B80F /* ThumbnailedCollectionViewCell.swift in Sources */ = {isa = PBXBuildFile; fileRef = 699BB2322AD8D3AD0036B80F /* ThumbnailedCollectionViewCell.swift */; };
		699BB2352ADBA37B0036B80F /* FiltersResponse.swift in Sources */ = {isa = PBXBuildFile; fileRef = 699BB2342ADBA37B0036B80F /* FiltersResponse.swift */; };
		699BB2372ADBA7A30036B80F /* Double+Extensions.swift in Sources */ = {isa = PBXBuildFile; fileRef = 699BB2362ADBA7A30036B80F /* Double+Extensions.swift */; };
		699BB2392ADBA7C10036B80F /* AVAssetTrack+Extensions.swift in Sources */ = {isa = PBXBuildFile; fileRef = 699BB2382ADBA7C10036B80F /* AVAssetTrack+Extensions.swift */; };
		B790AA37C3BE7BDEFB5451AF /* Pods_VideoMerger_Apple.framework in Frameworks */ = {isa = PBXBuildFile; fileRef = 02FEB61ACF58B3CBD29D3207 /* Pods_VideoMerger_Apple.framework */; };
		E765221F80AAC2995D92B397 /* Pods_FiltersViewModelTests.framework in Frameworks */ = {isa = PBXBuildFile; fileRef = AB08C2E15831077231990689 /* Pods_FiltersViewModelTests.framework */; };
/* End PBXBuildFile section */

/* Begin PBXContainerItemProxy section */
		6939C4462AD659DF00BB7555 /* PBXContainerItemProxy */ = {
			isa = PBXContainerItemProxy;
			containerPortal = 69696B102ACA31FC007DD91F /* Project object */;
			proxyType = 1;
			remoteGlobalIDString = 69696B172ACA31FC007DD91F;
			remoteInfo = "VideoMerger-Apple";
		};
		697B5CE02AD513CA00E01711 /* PBXContainerItemProxy */ = {
			isa = PBXContainerItemProxy;
			containerPortal = 69696B102ACA31FC007DD91F /* Project object */;
			proxyType = 1;
			remoteGlobalIDString = 69696B172ACA31FC007DD91F;
			remoteInfo = "VideoMerger-Apple";
		};
/* End PBXContainerItemProxy section */

/* Begin PBXFileReference section */
		02FEB61ACF58B3CBD29D3207 /* Pods_VideoMerger_Apple.framework */ = {isa = PBXFileReference; explicitFileType = wrapper.framework; includeInIndex = 0; path = Pods_VideoMerger_Apple.framework; sourceTree = BUILT_PRODUCTS_DIR; };
		0E845E884B75004222697244 /* Pods-VideoMerger-Apple-Tests.release.xcconfig */ = {isa = PBXFileReference; includeInIndex = 1; lastKnownFileType = text.xcconfig; name = "Pods-VideoMerger-Apple-Tests.release.xcconfig"; path = "Target Support Files/Pods-VideoMerger-Apple-Tests/Pods-VideoMerger-Apple-Tests.release.xcconfig"; sourceTree = "<group>"; };
		3407A70F8C2ED54880774AE7 /* Pods-FiltersModelTests.debug.xcconfig */ = {isa = PBXFileReference; includeInIndex = 1; lastKnownFileType = text.xcconfig; name = "Pods-FiltersModelTests.debug.xcconfig"; path = "Target Support Files/Pods-FiltersModelTests/Pods-FiltersModelTests.debug.xcconfig"; sourceTree = "<group>"; };
		3E6CFF4084997010B363018D /* Pods-FiltersModelTests.release.xcconfig */ = {isa = PBXFileReference; includeInIndex = 1; lastKnownFileType = text.xcconfig; name = "Pods-FiltersModelTests.release.xcconfig"; path = "Target Support Files/Pods-FiltersModelTests/Pods-FiltersModelTests.release.xcconfig"; sourceTree = "<group>"; };
		3EDFCB19643217C5BD33A6AB /* Pods-FiltersViewModelTests.release.xcconfig */ = {isa = PBXFileReference; includeInIndex = 1; lastKnownFileType = text.xcconfig; name = "Pods-FiltersViewModelTests.release.xcconfig"; path = "Target Support Files/Pods-FiltersViewModelTests/Pods-FiltersViewModelTests.release.xcconfig"; sourceTree = "<group>"; };
		5C6657561AED1451B4537F6B /* Pods-VideoMerger-Apple.debug.xcconfig */ = {isa = PBXFileReference; includeInIndex = 1; lastKnownFileType = text.xcconfig; name = "Pods-VideoMerger-Apple.debug.xcconfig"; path = "Target Support Files/Pods-VideoMerger-Apple/Pods-VideoMerger-Apple.debug.xcconfig"; sourceTree = "<group>"; };
		61F85276E3A5866346E53D80 /* Pods-VideoMerger-Apple.release.xcconfig */ = {isa = PBXFileReference; includeInIndex = 1; lastKnownFileType = text.xcconfig; name = "Pods-VideoMerger-Apple.release.xcconfig"; path = "Target Support Files/Pods-VideoMerger-Apple/Pods-VideoMerger-Apple.release.xcconfig"; sourceTree = "<group>"; };
		690A35EE2AD62EC10044554B /* VideoMerger-Apple.xctestplan */ = {isa = PBXFileReference; lastKnownFileType = text; path = "VideoMerger-Apple.xctestplan"; sourceTree = "<group>"; };
		691E5BF52AD6424D00395128 /* Networking.swift */ = {isa = PBXFileReference; fileEncoding = 4; lastKnownFileType = sourcecode.swift; path = Networking.swift; sourceTree = "<group>"; };
		691E5BF72AD6424D00395128 /* FiltersGetting.swift */ = {isa = PBXFileReference; fileEncoding = 4; lastKnownFileType = sourcecode.swift; path = FiltersGetting.swift; sourceTree = "<group>"; };
		691E5BF92AD6424D00395128 /* Network.swift */ = {isa = PBXFileReference; fileEncoding = 4; lastKnownFileType = sourcecode.swift; path = Network.swift; sourceTree = "<group>"; };
		691E5BFB2AD6424D00395128 /* FiltersService.swift */ = {isa = PBXFileReference; fileEncoding = 4; lastKnownFileType = sourcecode.swift; path = FiltersService.swift; sourceTree = "<group>"; };
		691E5BFD2AD6424D00395128 /* NetworkError.swift */ = {isa = PBXFileReference; fileEncoding = 4; lastKnownFileType = sourcecode.swift; path = NetworkError.swift; sourceTree = "<group>"; };
		691E5C092AD642AC00395128 /* FiltersCollectionViewModel.swift */ = {isa = PBXFileReference; fileEncoding = 4; lastKnownFileType = sourcecode.swift; path = FiltersCollectionViewModel.swift; sourceTree = "<group>"; };
		691E5C0A2AD642AC00395128 /* FiltersCollectionViewCellModeling.swift */ = {isa = PBXFileReference; fileEncoding = 4; lastKnownFileType = sourcecode.swift; path = FiltersCollectionViewCellModeling.swift; sourceTree = "<group>"; };
		691E5C0B2AD642AC00395128 /* FiltersCollectionViewCellModel.swift */ = {isa = PBXFileReference; fileEncoding = 4; lastKnownFileType = sourcecode.swift; path = FiltersCollectionViewCellModel.swift; sourceTree = "<group>"; };
		691E5C0C2AD642AC00395128 /* FiltersCollectionViewModeling.swift */ = {isa = PBXFileReference; fileEncoding = 4; lastKnownFileType = sourcecode.swift; path = FiltersCollectionViewModeling.swift; sourceTree = "<group>"; };
		6939C43C2AD659A500BB7555 /* Info.plist */ = {isa = PBXFileReference; lastKnownFileType = text.plist; name = Info.plist; path = "VideoMerger-Apple-Tests/FiltersModelTests/Info.plist"; sourceTree = SOURCE_ROOT; };
		6939C4422AD659DF00BB7555 /* FiltersModelTests.xctest */ = {isa = PBXFileReference; explicitFileType = wrapper.cfbundle; includeInIndex = 0; path = FiltersModelTests.xctest; sourceTree = BUILT_PRODUCTS_DIR; };
		6939C4502AD65A9E00BB7555 /* Info.plist */ = {isa = PBXFileReference; fileEncoding = 4; lastKnownFileType = text.plist.xml; path = Info.plist; sourceTree = "<group>"; };
		6939C45E2AD65B6A00BB7555 /* DummyResponse.swift */ = {isa = PBXFileReference; fileEncoding = 4; lastKnownFileType = sourcecode.swift; path = DummyResponse.swift; sourceTree = "<group>"; };
		6939C45F2AD65B6A00BB7555 /* FiltersServiceSpec.swift */ = {isa = PBXFileReference; fileEncoding = 4; lastKnownFileType = sourcecode.swift; path = FiltersServiceSpec.swift; sourceTree = "<group>"; };
		6939C4602AD65B6A00BB7555 /* NetworkSpec.swift */ = {isa = PBXFileReference; fileEncoding = 4; lastKnownFileType = sourcecode.swift; path = NetworkSpec.swift; sourceTree = "<group>"; };
		6939C4662AD65B8A00BB7555 /* FiltersCollectionViewCellModelSpec.swift */ = {isa = PBXFileReference; fileEncoding = 4; lastKnownFileType = sourcecode.swift; path = FiltersCollectionViewCellModelSpec.swift; sourceTree = "<group>"; };
		6939C4672AD65B8B00BB7555 /* DummyResponse.swift */ = {isa = PBXFileReference; fileEncoding = 4; lastKnownFileType = sourcecode.swift; path = DummyResponse.swift; sourceTree = "<group>"; };
		6939C4682AD65B8B00BB7555 /* FiltersCollectionViewModelSpec.swift */ = {isa = PBXFileReference; fileEncoding = 4; lastKnownFileType = sourcecode.swift; path = FiltersCollectionViewModelSpec.swift; sourceTree = "<group>"; };
		69696B182ACA31FC007DD91F /* VideoMerger-Apple.app */ = {isa = PBXFileReference; explicitFileType = wrapper.application; includeInIndex = 0; path = "VideoMerger-Apple.app"; sourceTree = BUILT_PRODUCTS_DIR; };
		69696B1B2ACA31FC007DD91F /* AppDelegate.swift */ = {isa = PBXFileReference; lastKnownFileType = sourcecode.swift; path = AppDelegate.swift; sourceTree = "<group>"; };
		69696B1D2ACA31FC007DD91F /* SceneDelegate.swift */ = {isa = PBXFileReference; lastKnownFileType = sourcecode.swift; path = SceneDelegate.swift; sourceTree = "<group>"; };
		69696B1F2ACA31FC007DD91F /* StudioViewController.swift */ = {isa = PBXFileReference; lastKnownFileType = sourcecode.swift; path = StudioViewController.swift; sourceTree = "<group>"; };
		69696B242ACA3200007DD91F /* Assets.xcassets */ = {isa = PBXFileReference; lastKnownFileType = folder.assetcatalog; path = Assets.xcassets; sourceTree = "<group>"; };
		69696B272ACA3200007DD91F /* Base */ = {isa = PBXFileReference; lastKnownFileType = file.storyboard; name = Base; path = Base.lproj/LaunchScreen.storyboard; sourceTree = "<group>"; };
		69696B292ACA3200007DD91F /* Info.plist */ = {isa = PBXFileReference; lastKnownFileType = text.plist.xml; path = Info.plist; sourceTree = "<group>"; };
		69696B2F2ACA354D007DD91F /* boeing-c-17.mp4 */ = {isa = PBXFileReference; lastKnownFileType = file; path = "boeing-c-17.mp4"; sourceTree = "<group>"; };
		69696B352ACA65DA007DD91F /* PickerViewController.swift */ = {isa = PBXFileReference; lastKnownFileType = sourcecode.swift; path = PickerViewController.swift; sourceTree = "<group>"; };
		69696B3A2ACA66D0007DD91F /* BaseViewController.swift */ = {isa = PBXFileReference; lastKnownFileType = sourcecode.swift; path = BaseViewController.swift; sourceTree = "<group>"; };
		697B5C7A2ACA75A500E01711 /* boeing-777.mp4 */ = {isa = PBXFileReference; lastKnownFileType = file; path = "boeing-777.mp4"; sourceTree = "<group>"; };
		697B5C7D2ACAB85800E01711 /* LocalFileManager.swift */ = {isa = PBXFileReference; lastKnownFileType = sourcecode.swift; path = LocalFileManager.swift; sourceTree = "<group>"; };
		697B5C822ACAC6CA00E01711 /* URL+Extensions.swift */ = {isa = PBXFileReference; lastKnownFileType = sourcecode.swift; path = "URL+Extensions.swift"; sourceTree = "<group>"; };
		697B5C852ACAD45600E01711 /* MergeManager.swift */ = {isa = PBXFileReference; lastKnownFileType = sourcecode.swift; path = MergeManager.swift; sourceTree = "<group>"; };
		697B5C872ACAD78900E01711 /* Constants.swift */ = {isa = PBXFileReference; lastKnownFileType = sourcecode.swift; path = Constants.swift; sourceTree = "<group>"; };
		697B5C8D2ACB15FE00E01711 /* silence.mp3 */ = {isa = PBXFileReference; lastKnownFileType = audio.mp3; path = silence.mp3; sourceTree = "<group>"; };
		697B5C8F2ACB322300E01711 /* ImageFilter.swift */ = {isa = PBXFileReference; lastKnownFileType = sourcecode.swift; path = ImageFilter.swift; sourceTree = "<group>"; };
		697B5C922ACB3EB000E01711 /* Log.swift */ = {isa = PBXFileReference; lastKnownFileType = sourcecode.swift; path = Log.swift; sourceTree = "<group>"; };
		697B5C952ACB4B3C00E01711 /* PreviewViewController.swift */ = {isa = PBXFileReference; lastKnownFileType = sourcecode.swift; path = PreviewViewController.swift; sourceTree = "<group>"; };
		697B5C972ACB4C0F00E01711 /* ClipsViewController.swift */ = {isa = PBXFileReference; lastKnownFileType = sourcecode.swift; path = ClipsViewController.swift; sourceTree = "<group>"; };
		697B5C992ACB4C3100E01711 /* FiltersViewController.swift */ = {isa = PBXFileReference; lastKnownFileType = sourcecode.swift; path = FiltersViewController.swift; sourceTree = "<group>"; };
		697B5C9B2ACB4D2F00E01711 /* UIVIewController+Extensions.swift */ = {isa = PBXFileReference; lastKnownFileType = sourcecode.swift; path = "UIVIewController+Extensions.swift"; sourceTree = "<group>"; };
		697B5C9D2ACB568800E01711 /* RootNavigationController.swift */ = {isa = PBXFileReference; lastKnownFileType = sourcecode.swift; path = RootNavigationController.swift; sourceTree = "<group>"; };
		697B5CA02ACB641F00E01711 /* StatusViewController.swift */ = {isa = PBXFileReference; lastKnownFileType = sourcecode.swift; path = StatusViewController.swift; sourceTree = "<group>"; };
		697B5CA42ACB6E4400E01711 /* FilterCell.swift */ = {isa = PBXFileReference; lastKnownFileType = sourcecode.swift; path = FilterCell.swift; sourceTree = "<group>"; };
		697B5CA72ACB761200E01711 /* Label.swift */ = {isa = PBXFileReference; lastKnownFileType = sourcecode.swift; path = Label.swift; sourceTree = "<group>"; };
		697B5CA92ACB7E7E00E01711 /* FiltersManager.swift */ = {isa = PBXFileReference; lastKnownFileType = sourcecode.swift; path = FiltersManager.swift; sourceTree = "<group>"; };
		697B5CAB2ACB898700E01711 /* StudioState.swift */ = {isa = PBXFileReference; lastKnownFileType = sourcecode.swift; path = StudioState.swift; sourceTree = "<group>"; };
		697B5CAD2ACB8FF200E01711 /* Font.swift */ = {isa = PBXFileReference; lastKnownFileType = sourcecode.swift; path = Font.swift; sourceTree = "<group>"; };
		697B5CAF2ACBB54200E01711 /* ClipCell.swift */ = {isa = PBXFileReference; lastKnownFileType = sourcecode.swift; path = ClipCell.swift; sourceTree = "<group>"; };
		697B5CB12ACBB76B00E01711 /* ClipsManager.swift */ = {isa = PBXFileReference; lastKnownFileType = sourcecode.swift; path = ClipsManager.swift; sourceTree = "<group>"; };
		697B5CB82ACBCD7C00E01711 /* ExportViewController.swift */ = {isa = PBXFileReference; lastKnownFileType = sourcecode.swift; path = ExportViewController.swift; sourceTree = "<group>"; };
		697B5CBA2ACBE6BA00E01711 /* Button.swift */ = {isa = PBXFileReference; lastKnownFileType = sourcecode.swift; path = Button.swift; sourceTree = "<group>"; };
		697B5CC62ACCF9EB00E01711 /* CollectionViewController.swift */ = {isa = PBXFileReference; lastKnownFileType = sourcecode.swift; path = CollectionViewController.swift; sourceTree = "<group>"; };
		697B5CDC2AD513C900E01711 /* FiltersViewModelTests.xctest */ = {isa = PBXFileReference; explicitFileType = wrapper.cfbundle; includeInIndex = 0; path = FiltersViewModelTests.xctest; sourceTree = BUILT_PRODUCTS_DIR; };
		699BB2322AD8D3AD0036B80F /* ThumbnailedCollectionViewCell.swift */ = {isa = PBXFileReference; lastKnownFileType = sourcecode.swift; path = ThumbnailedCollectionViewCell.swift; sourceTree = "<group>"; };
		699BB2342ADBA37B0036B80F /* FiltersResponse.swift */ = {isa = PBXFileReference; fileEncoding = 4; lastKnownFileType = sourcecode.swift; path = FiltersResponse.swift; sourceTree = "<group>"; };
		699BB2362ADBA7A30036B80F /* Double+Extensions.swift */ = {isa = PBXFileReference; lastKnownFileType = sourcecode.swift; path = "Double+Extensions.swift"; sourceTree = "<group>"; };
		699BB2382ADBA7C10036B80F /* AVAssetTrack+Extensions.swift */ = {isa = PBXFileReference; lastKnownFileType = sourcecode.swift; path = "AVAssetTrack+Extensions.swift"; sourceTree = "<group>"; };
		6B46C235669282028CC231BF /* Pods-VideoMerger-Apple-Tests.debug.xcconfig */ = {isa = PBXFileReference; includeInIndex = 1; lastKnownFileType = text.xcconfig; name = "Pods-VideoMerger-Apple-Tests.debug.xcconfig"; path = "Target Support Files/Pods-VideoMerger-Apple-Tests/Pods-VideoMerger-Apple-Tests.debug.xcconfig"; sourceTree = "<group>"; };
		9C14CCED84A4950CB4949D6F /* Pods-FiltersViewModelTests.debug.xcconfig */ = {isa = PBXFileReference; includeInIndex = 1; lastKnownFileType = text.xcconfig; name = "Pods-FiltersViewModelTests.debug.xcconfig"; path = "Target Support Files/Pods-FiltersViewModelTests/Pods-FiltersViewModelTests.debug.xcconfig"; sourceTree = "<group>"; };
		AB08C2E15831077231990689 /* Pods_FiltersViewModelTests.framework */ = {isa = PBXFileReference; explicitFileType = wrapper.framework; includeInIndex = 0; path = Pods_FiltersViewModelTests.framework; sourceTree = BUILT_PRODUCTS_DIR; };
		EB5076AE73FDD2E51E456D38 /* Pods_FiltersModelTests.framework */ = {isa = PBXFileReference; explicitFileType = wrapper.framework; includeInIndex = 0; path = Pods_FiltersModelTests.framework; sourceTree = BUILT_PRODUCTS_DIR; };
/* End PBXFileReference section */

/* Begin PBXFrameworksBuildPhase section */
		6939C43F2AD659DF00BB7555 /* Frameworks */ = {
			isa = PBXFrameworksBuildPhase;
			buildActionMask = 2147483647;
			files = (
				22258D8BC9F223DC4E0FB8D0 /* Pods_FiltersModelTests.framework in Frameworks */,
			);
			runOnlyForDeploymentPostprocessing = 0;
		};
		69696B152ACA31FC007DD91F /* Frameworks */ = {
			isa = PBXFrameworksBuildPhase;
			buildActionMask = 2147483647;
			files = (
				B790AA37C3BE7BDEFB5451AF /* Pods_VideoMerger_Apple.framework in Frameworks */,
			);
			runOnlyForDeploymentPostprocessing = 0;
		};
		697B5CD92AD513C900E01711 /* Frameworks */ = {
			isa = PBXFrameworksBuildPhase;
			buildActionMask = 2147483647;
			files = (
				E765221F80AAC2995D92B397 /* Pods_FiltersViewModelTests.framework in Frameworks */,
			);
			runOnlyForDeploymentPostprocessing = 0;
		};
/* End PBXFrameworksBuildPhase section */

/* Begin PBXGroup section */
		287A192017EA797F367248CF /* Frameworks */ = {
			isa = PBXGroup;
			children = (
				02FEB61ACF58B3CBD29D3207 /* Pods_VideoMerger_Apple.framework */,
				AB08C2E15831077231990689 /* Pods_FiltersViewModelTests.framework */,
				EB5076AE73FDD2E51E456D38 /* Pods_FiltersModelTests.framework */,
			);
			name = Frameworks;
			sourceTree = "<group>";
		};
		3D24CC19D9FB70764274AD02 /* Pods */ = {
			isa = PBXGroup;
			children = (
				5C6657561AED1451B4537F6B /* Pods-VideoMerger-Apple.debug.xcconfig */,
				61F85276E3A5866346E53D80 /* Pods-VideoMerger-Apple.release.xcconfig */,
				6B46C235669282028CC231BF /* Pods-VideoMerger-Apple-Tests.debug.xcconfig */,
				0E845E884B75004222697244 /* Pods-VideoMerger-Apple-Tests.release.xcconfig */,
				9C14CCED84A4950CB4949D6F /* Pods-FiltersViewModelTests.debug.xcconfig */,
				3EDFCB19643217C5BD33A6AB /* Pods-FiltersViewModelTests.release.xcconfig */,
				3407A70F8C2ED54880774AE7 /* Pods-FiltersModelTests.debug.xcconfig */,
				3E6CFF4084997010B363018D /* Pods-FiltersModelTests.release.xcconfig */,
			);
			path = Pods;
			sourceTree = "<group>";
		};
		690A35E92AD62E1D0044554B /* FiltersViewModelTests */ = {
			isa = PBXGroup;
			children = (
				6939C4672AD65B8B00BB7555 /* DummyResponse.swift */,
				6939C4662AD65B8A00BB7555 /* FiltersCollectionViewCellModelSpec.swift */,
				6939C4682AD65B8B00BB7555 /* FiltersCollectionViewModelSpec.swift */,
				6939C43C2AD659A500BB7555 /* Info.plist */,
			);
			path = FiltersViewModelTests;
			sourceTree = "<group>";
		};
		690A36022AD636B00044554B /* FiltersModel */ = {
			isa = PBXGroup;
			children = (
				699BB2342ADBA37B0036B80F /* FiltersResponse.swift */,
				697B5C8F2ACB322300E01711 /* ImageFilter.swift */,
				691E5BFB2AD6424D00395128 /* FiltersService.swift */,
				691E5BF72AD6424D00395128 /* FiltersGetting.swift */,
				691E5BF92AD6424D00395128 /* Network.swift */,
				691E5BF52AD6424D00395128 /* Networking.swift */,
				691E5BFD2AD6424D00395128 /* NetworkError.swift */,
			);
			path = FiltersModel;
			sourceTree = "<group>";
		};
		691E5C062AD6426900395128 /* FiltersViewModel */ = {
			isa = PBXGroup;
			children = (
				691E5C092AD642AC00395128 /* FiltersCollectionViewModel.swift */,
				691E5C0C2AD642AC00395128 /* FiltersCollectionViewModeling.swift */,
				691E5C0B2AD642AC00395128 /* FiltersCollectionViewCellModel.swift */,
				691E5C0A2AD642AC00395128 /* FiltersCollectionViewCellModeling.swift */,
			);
			path = FiltersViewModel;
			sourceTree = "<group>";
		};
		691E5C072AD6427900395128 /* FiltersView */ = {
			isa = PBXGroup;
			children = (
				697B5C992ACB4C3100E01711 /* FiltersViewController.swift */,
				697B5CA42ACB6E4400E01711 /* FilterCell.swift */,
				699BB2322AD8D3AD0036B80F /* ThumbnailedCollectionViewCell.swift */,
			);
			path = FiltersView;
			sourceTree = "<group>";
		};
		6939C4332AD6597200BB7555 /* FiltersModelTests */ = {
			isa = PBXGroup;
			children = (
				6939C45E2AD65B6A00BB7555 /* DummyResponse.swift */,
				6939C45F2AD65B6A00BB7555 /* FiltersServiceSpec.swift */,
				6939C4602AD65B6A00BB7555 /* NetworkSpec.swift */,
				6939C4502AD65A9E00BB7555 /* Info.plist */,
			);
			path = FiltersModelTests;
			sourceTree = "<group>";
		};
		69696B0F2ACA31FC007DD91F = {
			isa = PBXGroup;
			children = (
				69696B1A2ACA31FC007DD91F /* VideoMerger-Apple */,
				697B5CDD2AD513CA00E01711 /* VideoMerger-Apple-Tests */,
				69696B192ACA31FC007DD91F /* Products */,
				3D24CC19D9FB70764274AD02 /* Pods */,
				287A192017EA797F367248CF /* Frameworks */,
			);
			sourceTree = "<group>";
		};
		69696B192ACA31FC007DD91F /* Products */ = {
			isa = PBXGroup;
			children = (
				69696B182ACA31FC007DD91F /* VideoMerger-Apple.app */,
				697B5CDC2AD513C900E01711 /* FiltersViewModelTests.xctest */,
				6939C4422AD659DF00BB7555 /* FiltersModelTests.xctest */,
			);
			name = Products;
			sourceTree = "<group>";
		};
		69696B1A2ACA31FC007DD91F /* VideoMerger-Apple */ = {
			isa = PBXGroup;
			children = (
				69696B372ACA664C007DD91F /* Screens */,
				697B5C842ACAD44400E01711 /* Managers */,
				69696B322ACA65B0007DD91F /* Base */,
				697B5C912ACB3EA300E01711 /* Tools */,
				697B5C7F2ACABA0D00E01711 /* Extensions */,
				697B5C872ACAD78900E01711 /* Constants.swift */,
				69696B1D2ACA31FC007DD91F /* SceneDelegate.swift */,
				69696B1B2ACA31FC007DD91F /* AppDelegate.swift */,
				69696B242ACA3200007DD91F /* Assets.xcassets */,
				69696B262ACA3200007DD91F /* LaunchScreen.storyboard */,
				69696B292ACA3200007DD91F /* Info.plist */,
				69696B312ACA3550007DD91F /* Resources */,
			);
			path = "VideoMerger-Apple";
			sourceTree = "<group>";
		};
		69696B312ACA3550007DD91F /* Resources */ = {
			isa = PBXGroup;
			children = (
				697B5CBF2ACBF5B300E01711 /* Audio */,
				697B5CBE2ACBF5A700E01711 /* Video */,
			);
			path = Resources;
			sourceTree = "<group>";
		};
		69696B322ACA65B0007DD91F /* Base */ = {
			isa = PBXGroup;
			children = (
				697B5D282AD5F3A100E01711 /* ViewControllers */,
				697B5CA62ACB760400E01711 /* Views */,
			);
			path = Base;
			sourceTree = "<group>";
		};
		69696B372ACA664C007DD91F /* Screens */ = {
			isa = PBXGroup;
			children = (
				697B5D272AD5F34A00E01711 /* Root */,
				69696B382ACA6654007DD91F /* Picker */,
				69696B392ACA665A007DD91F /* Studio */,
			);
			path = Screens;
			sourceTree = "<group>";
		};
		69696B382ACA6654007DD91F /* Picker */ = {
			isa = PBXGroup;
			children = (
				69696B352ACA65DA007DD91F /* PickerViewController.swift */,
			);
			path = Picker;
			sourceTree = "<group>";
		};
		69696B392ACA665A007DD91F /* Studio */ = {
			isa = PBXGroup;
			children = (
				697B5CB42ACBBC0700E01711 /* Clips */,
				697B5CB32ACBBBF700E01711 /* Preview */,
				697B5CB52ACBBC1000E01711 /* Filters */,
				697B5CB62ACBBC3000E01711 /* Status */,
				697B5CB72ACBCD6C00E01711 /* Export */,
				697B5C9F2ACB5DB600E01711 /* Managers */,
				69696B1F2ACA31FC007DD91F /* StudioViewController.swift */,
				697B5CAB2ACB898700E01711 /* StudioState.swift */,
			);
			path = Studio;
			sourceTree = "<group>";
		};
		697B5C7F2ACABA0D00E01711 /* Extensions */ = {
			isa = PBXGroup;
			children = (
				699BB2382ADBA7C10036B80F /* AVAssetTrack+Extensions.swift */,
				699BB2362ADBA7A30036B80F /* Double+Extensions.swift */,
				697B5C9B2ACB4D2F00E01711 /* UIVIewController+Extensions.swift */,
				697B5C822ACAC6CA00E01711 /* URL+Extensions.swift */,
			);
			path = Extensions;
			sourceTree = "<group>";
		};
		697B5C842ACAD44400E01711 /* Managers */ = {
			isa = PBXGroup;
			children = (
				697B5C7D2ACAB85800E01711 /* LocalFileManager.swift */,
			);
			path = Managers;
			sourceTree = "<group>";
		};
		697B5C912ACB3EA300E01711 /* Tools */ = {
			isa = PBXGroup;
			children = (
				697B5C922ACB3EB000E01711 /* Log.swift */,
				697B5CAD2ACB8FF200E01711 /* Font.swift */,
			);
			path = Tools;
			sourceTree = "<group>";
		};
		697B5C9F2ACB5DB600E01711 /* Managers */ = {
			isa = PBXGroup;
			children = (
				697B5C852ACAD45600E01711 /* MergeManager.swift */,
				697B5CA92ACB7E7E00E01711 /* FiltersManager.swift */,
				697B5CB12ACBB76B00E01711 /* ClipsManager.swift */,
			);
			path = Managers;
			sourceTree = "<group>";
		};
		697B5CA62ACB760400E01711 /* Views */ = {
			isa = PBXGroup;
			children = (
				697B5CBA2ACBE6BA00E01711 /* Button.swift */,
				697B5CA72ACB761200E01711 /* Label.swift */,
			);
			path = Views;
			sourceTree = "<group>";
		};
		697B5CB32ACBBBF700E01711 /* Preview */ = {
			isa = PBXGroup;
			children = (
				697B5C952ACB4B3C00E01711 /* PreviewViewController.swift */,
			);
			path = Preview;
			sourceTree = "<group>";
		};
		697B5CB42ACBBC0700E01711 /* Clips */ = {
			isa = PBXGroup;
			children = (
				697B5C972ACB4C0F00E01711 /* ClipsViewController.swift */,
				697B5CAF2ACBB54200E01711 /* ClipCell.swift */,
			);
			path = Clips;
			sourceTree = "<group>";
		};
		697B5CB52ACBBC1000E01711 /* Filters */ = {
			isa = PBXGroup;
			children = (
				690A36022AD636B00044554B /* FiltersModel */,
				691E5C062AD6426900395128 /* FiltersViewModel */,
				691E5C072AD6427900395128 /* FiltersView */,
			);
			path = Filters;
			sourceTree = "<group>";
		};
		697B5CB62ACBBC3000E01711 /* Status */ = {
			isa = PBXGroup;
			children = (
				697B5CA02ACB641F00E01711 /* StatusViewController.swift */,
			);
			path = Status;
			sourceTree = "<group>";
		};
		697B5CB72ACBCD6C00E01711 /* Export */ = {
			isa = PBXGroup;
			children = (
				697B5CB82ACBCD7C00E01711 /* ExportViewController.swift */,
			);
			path = Export;
			sourceTree = "<group>";
		};
		697B5CBE2ACBF5A700E01711 /* Video */ = {
			isa = PBXGroup;
			children = (
				69696B2F2ACA354D007DD91F /* boeing-c-17.mp4 */,
				697B5C7A2ACA75A500E01711 /* boeing-777.mp4 */,
			);
			path = Video;
			sourceTree = "<group>";
		};
		697B5CBF2ACBF5B300E01711 /* Audio */ = {
			isa = PBXGroup;
			children = (
				697B5C8D2ACB15FE00E01711 /* silence.mp3 */,
			);
			path = Audio;
			sourceTree = "<group>";
		};
		697B5CDD2AD513CA00E01711 /* VideoMerger-Apple-Tests */ = {
			isa = PBXGroup;
			children = (
				690A35EE2AD62EC10044554B /* VideoMerger-Apple.xctestplan */,
				6939C4332AD6597200BB7555 /* FiltersModelTests */,
				690A35E92AD62E1D0044554B /* FiltersViewModelTests */,
			);
			path = "VideoMerger-Apple-Tests";
			sourceTree = "<group>";
		};
		697B5D272AD5F34A00E01711 /* Root */ = {
			isa = PBXGroup;
			children = (
				697B5C9D2ACB568800E01711 /* RootNavigationController.swift */,
			);
			path = Root;
			sourceTree = "<group>";
		};
		697B5D282AD5F3A100E01711 /* ViewControllers */ = {
			isa = PBXGroup;
			children = (
				69696B3A2ACA66D0007DD91F /* BaseViewController.swift */,
				697B5CC62ACCF9EB00E01711 /* CollectionViewController.swift */,
			);
			path = ViewControllers;
			sourceTree = "<group>";
		};
/* End PBXGroup section */

/* Begin PBXNativeTarget section */
		6939C4412AD659DF00BB7555 /* FiltersModelTests */ = {
			isa = PBXNativeTarget;
			buildConfigurationList = 6939C4482AD659DF00BB7555 /* Build configuration list for PBXNativeTarget "FiltersModelTests" */;
			buildPhases = (
				6B355AEDF60EC0F8E4F31588 /* [CP] Check Pods Manifest.lock */,
				6939C43E2AD659DF00BB7555 /* Sources */,
				6939C43F2AD659DF00BB7555 /* Frameworks */,
				6939C4402AD659DF00BB7555 /* Resources */,
				49091BFD2226C156D6D90A24 /* [CP] Embed Pods Frameworks */,
			);
			buildRules = (
			);
			dependencies = (
				6939C4472AD659DF00BB7555 /* PBXTargetDependency */,
			);
			name = FiltersModelTests;
			productName = FiltersModelTests;
			productReference = 6939C4422AD659DF00BB7555 /* FiltersModelTests.xctest */;
			productType = "com.apple.product-type.bundle.unit-test";
		};
		69696B172ACA31FC007DD91F /* VideoMerger-Apple */ = {
			isa = PBXNativeTarget;
			buildConfigurationList = 69696B2C2ACA3200007DD91F /* Build configuration list for PBXNativeTarget "VideoMerger-Apple" */;
			buildPhases = (
				01AD2318BC625DFB3988533D /* [CP] Check Pods Manifest.lock */,
				69696B142ACA31FC007DD91F /* Sources */,
				69696B152ACA31FC007DD91F /* Frameworks */,
				69696B162ACA31FC007DD91F /* Resources */,
				FE931DFAC968FDA385375FF4 /* [CP] Embed Pods Frameworks */,
			);
			buildRules = (
			);
			dependencies = (
			);
			name = "VideoMerger-Apple";
			productName = "VideoMerger-Apple";
			productReference = 69696B182ACA31FC007DD91F /* VideoMerger-Apple.app */;
			productType = "com.apple.product-type.application";
		};
		697B5CDB2AD513C900E01711 /* FiltersViewModelTests */ = {
			isa = PBXNativeTarget;
			buildConfigurationList = 697B5CE22AD513CA00E01711 /* Build configuration list for PBXNativeTarget "FiltersViewModelTests" */;
			buildPhases = (
				C4FCF5EA837BCAE4D5AED2A7 /* [CP] Check Pods Manifest.lock */,
				697B5CD82AD513C900E01711 /* Sources */,
				697B5CD92AD513C900E01711 /* Frameworks */,
				697B5CDA2AD513C900E01711 /* Resources */,
				D2A36DA08890B23767CC417A /* [CP] Embed Pods Frameworks */,
			);
			buildRules = (
			);
			dependencies = (
				697B5CE12AD513CA00E01711 /* PBXTargetDependency */,
			);
			name = FiltersViewModelTests;
			productName = "VideoMerger-Apple-Tests";
			productReference = 697B5CDC2AD513C900E01711 /* FiltersViewModelTests.xctest */;
			productType = "com.apple.product-type.bundle.unit-test";
		};
/* End PBXNativeTarget section */

/* Begin PBXProject section */
		69696B102ACA31FC007DD91F /* Project object */ = {
			isa = PBXProject;
			attributes = {
				BuildIndependentTargetsInParallel = 1;
				LastSwiftUpdateCheck = 1430;
				LastUpgradeCheck = 1430;
				TargetAttributes = {
					6939C4412AD659DF00BB7555 = {
						CreatedOnToolsVersion = 14.3.1;
						TestTargetID = 69696B172ACA31FC007DD91F;
					};
					69696B172ACA31FC007DD91F = {
						CreatedOnToolsVersion = 14.3.1;
					};
					697B5CDB2AD513C900E01711 = {
						CreatedOnToolsVersion = 14.3.1;
						LastSwiftMigration = 1430;
						TestTargetID = 69696B172ACA31FC007DD91F;
					};
				};
			};
			buildConfigurationList = 69696B132ACA31FC007DD91F /* Build configuration list for PBXProject "VideoMerger-Apple" */;
			compatibilityVersion = "Xcode 14.0";
			developmentRegion = en;
			hasScannedForEncodings = 0;
			knownRegions = (
				en,
				Base,
			);
			mainGroup = 69696B0F2ACA31FC007DD91F;
			productRefGroup = 69696B192ACA31FC007DD91F /* Products */;
			projectDirPath = "";
			projectRoot = "";
			targets = (
				69696B172ACA31FC007DD91F /* VideoMerger-Apple */,
				697B5CDB2AD513C900E01711 /* FiltersViewModelTests */,
				6939C4412AD659DF00BB7555 /* FiltersModelTests */,
			);
		};
/* End PBXProject section */

/* Begin PBXResourcesBuildPhase section */
		6939C4402AD659DF00BB7555 /* Resources */ = {
			isa = PBXResourcesBuildPhase;
			buildActionMask = 2147483647;
			files = (
			);
			runOnlyForDeploymentPostprocessing = 0;
		};
		69696B162ACA31FC007DD91F /* Resources */ = {
			isa = PBXResourcesBuildPhase;
			buildActionMask = 2147483647;
			files = (
				69696B302ACA354D007DD91F /* boeing-c-17.mp4 in Resources */,
				69696B282ACA3200007DD91F /* LaunchScreen.storyboard in Resources */,
				69696B252ACA3200007DD91F /* Assets.xcassets in Resources */,
				697B5C8E2ACB15FE00E01711 /* silence.mp3 in Resources */,
				697B5C7B2ACA75A500E01711 /* boeing-777.mp4 in Resources */,
			);
			runOnlyForDeploymentPostprocessing = 0;
		};
		697B5CDA2AD513C900E01711 /* Resources */ = {
			isa = PBXResourcesBuildPhase;
			buildActionMask = 2147483647;
			files = (
			);
			runOnlyForDeploymentPostprocessing = 0;
		};
/* End PBXResourcesBuildPhase section */

/* Begin PBXShellScriptBuildPhase section */
		01AD2318BC625DFB3988533D /* [CP] Check Pods Manifest.lock */ = {
			isa = PBXShellScriptBuildPhase;
			buildActionMask = 2147483647;
			files = (
			);
			inputFileListPaths = (
			);
			inputPaths = (
				"${PODS_PODFILE_DIR_PATH}/Podfile.lock",
				"${PODS_ROOT}/Manifest.lock",
			);
			name = "[CP] Check Pods Manifest.lock";
			outputFileListPaths = (
			);
			outputPaths = (
				"$(DERIVED_FILE_DIR)/Pods-VideoMerger-Apple-checkManifestLockResult.txt",
			);
			runOnlyForDeploymentPostprocessing = 0;
			shellPath = /bin/sh;
			shellScript = "diff \"${PODS_PODFILE_DIR_PATH}/Podfile.lock\" \"${PODS_ROOT}/Manifest.lock\" > /dev/null\nif [ $? != 0 ] ; then\n    # print error to STDERR\n    echo \"error: The sandbox is not in sync with the Podfile.lock. Run 'pod install' or update your CocoaPods installation.\" >&2\n    exit 1\nfi\n# This output is used by Xcode 'outputs' to avoid re-running this script phase.\necho \"SUCCESS\" > \"${SCRIPT_OUTPUT_FILE_0}\"\n";
			showEnvVarsInLog = 0;
		};
		49091BFD2226C156D6D90A24 /* [CP] Embed Pods Frameworks */ = {
			isa = PBXShellScriptBuildPhase;
			buildActionMask = 2147483647;
			files = (
			);
			inputFileListPaths = (
				"${PODS_ROOT}/Target Support Files/Pods-FiltersModelTests/Pods-FiltersModelTests-frameworks-${CONFIGURATION}-input-files.xcfilelist",
			);
			name = "[CP] Embed Pods Frameworks";
			outputFileListPaths = (
				"${PODS_ROOT}/Target Support Files/Pods-FiltersModelTests/Pods-FiltersModelTests-frameworks-${CONFIGURATION}-output-files.xcfilelist",
			);
			runOnlyForDeploymentPostprocessing = 0;
			shellPath = /bin/sh;
			shellScript = "\"${PODS_ROOT}/Target Support Files/Pods-FiltersModelTests/Pods-FiltersModelTests-frameworks.sh\"\n";
			showEnvVarsInLog = 0;
		};
		6B355AEDF60EC0F8E4F31588 /* [CP] Check Pods Manifest.lock */ = {
			isa = PBXShellScriptBuildPhase;
			buildActionMask = 2147483647;
			files = (
			);
			inputFileListPaths = (
			);
			inputPaths = (
				"${PODS_PODFILE_DIR_PATH}/Podfile.lock",
				"${PODS_ROOT}/Manifest.lock",
			);
			name = "[CP] Check Pods Manifest.lock";
			outputFileListPaths = (
			);
			outputPaths = (
				"$(DERIVED_FILE_DIR)/Pods-FiltersModelTests-checkManifestLockResult.txt",
			);
			runOnlyForDeploymentPostprocessing = 0;
			shellPath = /bin/sh;
			shellScript = "diff \"${PODS_PODFILE_DIR_PATH}/Podfile.lock\" \"${PODS_ROOT}/Manifest.lock\" > /dev/null\nif [ $? != 0 ] ; then\n    # print error to STDERR\n    echo \"error: The sandbox is not in sync with the Podfile.lock. Run 'pod install' or update your CocoaPods installation.\" >&2\n    exit 1\nfi\n# This output is used by Xcode 'outputs' to avoid re-running this script phase.\necho \"SUCCESS\" > \"${SCRIPT_OUTPUT_FILE_0}\"\n";
			showEnvVarsInLog = 0;
		};
		C4FCF5EA837BCAE4D5AED2A7 /* [CP] Check Pods Manifest.lock */ = {
			isa = PBXShellScriptBuildPhase;
			buildActionMask = 2147483647;
			files = (
			);
			inputFileListPaths = (
			);
			inputPaths = (
				"${PODS_PODFILE_DIR_PATH}/Podfile.lock",
				"${PODS_ROOT}/Manifest.lock",
			);
			name = "[CP] Check Pods Manifest.lock";
			outputFileListPaths = (
			);
			outputPaths = (
				"$(DERIVED_FILE_DIR)/Pods-FiltersViewModelTests-checkManifestLockResult.txt",
			);
			runOnlyForDeploymentPostprocessing = 0;
			shellPath = /bin/sh;
			shellScript = "diff \"${PODS_PODFILE_DIR_PATH}/Podfile.lock\" \"${PODS_ROOT}/Manifest.lock\" > /dev/null\nif [ $? != 0 ] ; then\n    # print error to STDERR\n    echo \"error: The sandbox is not in sync with the Podfile.lock. Run 'pod install' or update your CocoaPods installation.\" >&2\n    exit 1\nfi\n# This output is used by Xcode 'outputs' to avoid re-running this script phase.\necho \"SUCCESS\" > \"${SCRIPT_OUTPUT_FILE_0}\"\n";
			showEnvVarsInLog = 0;
		};
		D2A36DA08890B23767CC417A /* [CP] Embed Pods Frameworks */ = {
			isa = PBXShellScriptBuildPhase;
			buildActionMask = 2147483647;
			files = (
			);
			inputFileListPaths = (
				"${PODS_ROOT}/Target Support Files/Pods-FiltersViewModelTests/Pods-FiltersViewModelTests-frameworks-${CONFIGURATION}-input-files.xcfilelist",
			);
			name = "[CP] Embed Pods Frameworks";
			outputFileListPaths = (
				"${PODS_ROOT}/Target Support Files/Pods-FiltersViewModelTests/Pods-FiltersViewModelTests-frameworks-${CONFIGURATION}-output-files.xcfilelist",
			);
			runOnlyForDeploymentPostprocessing = 0;
			shellPath = /bin/sh;
			shellScript = "\"${PODS_ROOT}/Target Support Files/Pods-FiltersViewModelTests/Pods-FiltersViewModelTests-frameworks.sh\"\n";
			showEnvVarsInLog = 0;
		};
		FE931DFAC968FDA385375FF4 /* [CP] Embed Pods Frameworks */ = {
			isa = PBXShellScriptBuildPhase;
			buildActionMask = 2147483647;
			files = (
			);
			inputFileListPaths = (
				"${PODS_ROOT}/Target Support Files/Pods-VideoMerger-Apple/Pods-VideoMerger-Apple-frameworks-${CONFIGURATION}-input-files.xcfilelist",
			);
			name = "[CP] Embed Pods Frameworks";
			outputFileListPaths = (
				"${PODS_ROOT}/Target Support Files/Pods-VideoMerger-Apple/Pods-VideoMerger-Apple-frameworks-${CONFIGURATION}-output-files.xcfilelist",
			);
			runOnlyForDeploymentPostprocessing = 0;
			shellPath = /bin/sh;
			shellScript = "\"${PODS_ROOT}/Target Support Files/Pods-VideoMerger-Apple/Pods-VideoMerger-Apple-frameworks.sh\"\n";
			showEnvVarsInLog = 0;
		};
/* End PBXShellScriptBuildPhase section */

/* Begin PBXSourcesBuildPhase section */
		6939C43E2AD659DF00BB7555 /* Sources */ = {
			isa = PBXSourcesBuildPhase;
			buildActionMask = 2147483647;
			files = (
				6939C46D2AD65D0900BB7555 /* DummyResponse.swift in Sources */,
				6939C46C2AD65D0900BB7555 /* NetworkSpec.swift in Sources */,
				6939C46F2AD65D0900BB7555 /* FiltersServiceSpec.swift in Sources */,
			);
			runOnlyForDeploymentPostprocessing = 0;
		};
		69696B142ACA31FC007DD91F /* Sources */ = {
			isa = PBXSourcesBuildPhase;
			buildActionMask = 2147483647;
			files = (
				69696B362ACA65DA007DD91F /* PickerViewController.swift in Sources */,
				697B5CA12ACB641F00E01711 /* StatusViewController.swift in Sources */,
				697B5C982ACB4C0F00E01711 /* ClipsViewController.swift in Sources */,
				697B5C882ACAD78900E01711 /* Constants.swift in Sources */,
				699BB2392ADBA7C10036B80F /* AVAssetTrack+Extensions.swift in Sources */,
				697B5CB22ACBB76B00E01711 /* ClipsManager.swift in Sources */,
				691E5C022AD6424D00395128 /* Network.swift in Sources */,
				697B5CA82ACB761200E01711 /* Label.swift in Sources */,
				697B5CBB2ACBE6BA00E01711 /* Button.swift in Sources */,
				699BB2332AD8D3AD0036B80F /* ThumbnailedCollectionViewCell.swift in Sources */,
				697B5C832ACAC6CA00E01711 /* URL+Extensions.swift in Sources */,
				69696B202ACA31FC007DD91F /* StudioViewController.swift in Sources */,
				691E5C002AD6424D00395128 /* FiltersGetting.swift in Sources */,
				699BB2352ADBA37B0036B80F /* FiltersResponse.swift in Sources */,
				697B5C9C2ACB4D2F00E01711 /* UIVIewController+Extensions.swift in Sources */,
				697B5CA52ACB6E4400E01711 /* FilterCell.swift in Sources */,
				697B5CAA2ACB7E7E00E01711 /* FiltersManager.swift in Sources */,
				691E5BF12AD63F1800395128 /* ImageFilter.swift in Sources */,
				697B5CB02ACBB54200E01711 /* ClipCell.swift in Sources */,
				697B5CC72ACCF9EB00E01711 /* CollectionViewController.swift in Sources */,
				69696B1C2ACA31FC007DD91F /* AppDelegate.swift in Sources */,
				697B5C962ACB4B3C00E01711 /* PreviewViewController.swift in Sources */,
				697B5C932ACB3EB000E01711 /* Log.swift in Sources */,
				697B5C9E2ACB568800E01711 /* RootNavigationController.swift in Sources */,
				699BB2372ADBA7A30036B80F /* Double+Extensions.swift in Sources */,
				691E5C102AD642AC00395128 /* FiltersCollectionViewModeling.swift in Sources */,
				691E5C0F2AD642AC00395128 /* FiltersCollectionViewCellModel.swift in Sources */,
				69696B1E2ACA31FC007DD91F /* SceneDelegate.swift in Sources */,
				697B5CB92ACBCD7C00E01711 /* ExportViewController.swift in Sources */,
				697B5C862ACAD45600E01711 /* MergeManager.swift in Sources */,
				697B5CAC2ACB898700E01711 /* StudioState.swift in Sources */,
				691E5C042AD6424D00395128 /* FiltersService.swift in Sources */,
				697B5CAE2ACB8FF200E01711 /* Font.swift in Sources */,
				69696B3B2ACA66D0007DD91F /* BaseViewController.swift in Sources */,
				691E5BFE2AD6424D00395128 /* Networking.swift in Sources */,
				691E5C0E2AD642AC00395128 /* FiltersCollectionViewCellModeling.swift in Sources */,
				697B5C7E2ACAB85800E01711 /* LocalFileManager.swift in Sources */,
				691E5C052AD6424D00395128 /* NetworkError.swift in Sources */,
				691E5C0D2AD642AC00395128 /* FiltersCollectionViewModel.swift in Sources */,
				697B5C9A2ACB4C3100E01711 /* FiltersViewController.swift in Sources */,
			);
			runOnlyForDeploymentPostprocessing = 0;
		};
		697B5CD82AD513C900E01711 /* Sources */ = {
			isa = PBXSourcesBuildPhase;
			buildActionMask = 2147483647;
			files = (
				6939C4692AD65B8B00BB7555 /* FiltersCollectionViewCellModelSpec.swift in Sources */,
				6939C46B2AD65B8B00BB7555 /* FiltersCollectionViewModelSpec.swift in Sources */,
				6939C46A2AD65B8B00BB7555 /* DummyResponse.swift in Sources */,
			);
			runOnlyForDeploymentPostprocessing = 0;
		};
/* End PBXSourcesBuildPhase section */

/* Begin PBXTargetDependency section */
		6939C4472AD659DF00BB7555 /* PBXTargetDependency */ = {
			isa = PBXTargetDependency;
			target = 69696B172ACA31FC007DD91F /* VideoMerger-Apple */;
			targetProxy = 6939C4462AD659DF00BB7555 /* PBXContainerItemProxy */;
		};
		697B5CE12AD513CA00E01711 /* PBXTargetDependency */ = {
			isa = PBXTargetDependency;
			target = 69696B172ACA31FC007DD91F /* VideoMerger-Apple */;
			targetProxy = 697B5CE02AD513CA00E01711 /* PBXContainerItemProxy */;
		};
/* End PBXTargetDependency section */

/* Begin PBXVariantGroup section */
		69696B262ACA3200007DD91F /* LaunchScreen.storyboard */ = {
			isa = PBXVariantGroup;
			children = (
				69696B272ACA3200007DD91F /* Base */,
			);
			name = LaunchScreen.storyboard;
			sourceTree = "<group>";
		};
/* End PBXVariantGroup section */

/* Begin XCBuildConfiguration section */
		6939C4492AD659DF00BB7555 /* Debug */ = {
			isa = XCBuildConfiguration;
			baseConfigurationReference = 3407A70F8C2ED54880774AE7 /* Pods-FiltersModelTests.debug.xcconfig */;
			buildSettings = {
				BUNDLE_LOADER = "$(TEST_HOST)";
				CODE_SIGN_STYLE = Automatic;
				CURRENT_PROJECT_VERSION = 1;
				DEVELOPMENT_TEAM = 9TZZKGNZ6W;
				GENERATE_INFOPLIST_FILE = YES;
				INFOPLIST_FILE = "VideoMerger-Apple-Tests/FiltersModelTests/Info.plist";
				IPHONEOS_DEPLOYMENT_TARGET = 16.4;
				MARKETING_VERSION = 1.0;
				PRODUCT_BUNDLE_IDENTIFIER = com.il.test.videomerger.apple.FiltersModelTests.FiltersModelTests;
				PRODUCT_NAME = "$(TARGET_NAME)";
				SWIFT_EMIT_LOC_STRINGS = NO;
				SWIFT_VERSION = 5.0;
				TARGETED_DEVICE_FAMILY = "1,2";
				TEST_HOST = "$(BUILT_PRODUCTS_DIR)/VideoMerger-Apple.app/$(BUNDLE_EXECUTABLE_FOLDER_PATH)/VideoMerger-Apple";
			};
			name = Debug;
		};
		6939C44A2AD659DF00BB7555 /* Release */ = {
			isa = XCBuildConfiguration;
			baseConfigurationReference = 3E6CFF4084997010B363018D /* Pods-FiltersModelTests.release.xcconfig */;
			buildSettings = {
				BUNDLE_LOADER = "$(TEST_HOST)";
				CODE_SIGN_STYLE = Automatic;
				CURRENT_PROJECT_VERSION = 1;
				DEVELOPMENT_TEAM = 9TZZKGNZ6W;
				GENERATE_INFOPLIST_FILE = YES;
				INFOPLIST_FILE = "VideoMerger-Apple-Tests/FiltersModelTests/Info.plist";
				IPHONEOS_DEPLOYMENT_TARGET = 16.4;
				MARKETING_VERSION = 1.0;
				PRODUCT_BUNDLE_IDENTIFIER = com.il.test.videomerger.apple.FiltersModelTests.FiltersModelTests;
				PRODUCT_NAME = "$(TARGET_NAME)";
				SWIFT_EMIT_LOC_STRINGS = NO;
				SWIFT_VERSION = 5.0;
				TARGETED_DEVICE_FAMILY = "1,2";
				TEST_HOST = "$(BUILT_PRODUCTS_DIR)/VideoMerger-Apple.app/$(BUNDLE_EXECUTABLE_FOLDER_PATH)/VideoMerger-Apple";
			};
			name = Release;
		};
		69696B2A2ACA3200007DD91F /* Debug */ = {
			isa = XCBuildConfiguration;
			buildSettings = {
				ALWAYS_SEARCH_USER_PATHS = NO;
				CLANG_ANALYZER_NONNULL = YES;
				CLANG_ANALYZER_NUMBER_OBJECT_CONVERSION = YES_AGGRESSIVE;
				CLANG_CXX_LANGUAGE_STANDARD = "gnu++20";
				CLANG_ENABLE_MODULES = YES;
				CLANG_ENABLE_OBJC_ARC = YES;
				CLANG_ENABLE_OBJC_WEAK = YES;
				CLANG_WARN_BLOCK_CAPTURE_AUTORELEASING = YES;
				CLANG_WARN_BOOL_CONVERSION = YES;
				CLANG_WARN_COMMA = YES;
				CLANG_WARN_CONSTANT_CONVERSION = YES;
				CLANG_WARN_DEPRECATED_OBJC_IMPLEMENTATIONS = YES;
				CLANG_WARN_DIRECT_OBJC_ISA_USAGE = YES_ERROR;
				CLANG_WARN_DOCUMENTATION_COMMENTS = YES;
				CLANG_WARN_EMPTY_BODY = YES;
				CLANG_WARN_ENUM_CONVERSION = YES;
				CLANG_WARN_INFINITE_RECURSION = YES;
				CLANG_WARN_INT_CONVERSION = YES;
				CLANG_WARN_NON_LITERAL_NULL_CONVERSION = YES;
				CLANG_WARN_OBJC_IMPLICIT_RETAIN_SELF = YES;
				CLANG_WARN_OBJC_LITERAL_CONVERSION = YES;
				CLANG_WARN_OBJC_ROOT_CLASS = YES_ERROR;
				CLANG_WARN_QUOTED_INCLUDE_IN_FRAMEWORK_HEADER = YES;
				CLANG_WARN_RANGE_LOOP_ANALYSIS = YES;
				CLANG_WARN_STRICT_PROTOTYPES = YES;
				CLANG_WARN_SUSPICIOUS_MOVE = YES;
				CLANG_WARN_UNGUARDED_AVAILABILITY = YES_AGGRESSIVE;
				CLANG_WARN_UNREACHABLE_CODE = YES;
				CLANG_WARN__DUPLICATE_METHOD_MATCH = YES;
				COPY_PHASE_STRIP = NO;
				DEBUG_INFORMATION_FORMAT = dwarf;
				ENABLE_STRICT_OBJC_MSGSEND = YES;
				ENABLE_TESTABILITY = YES;
				GCC_C_LANGUAGE_STANDARD = gnu11;
				GCC_DYNAMIC_NO_PIC = NO;
				GCC_NO_COMMON_BLOCKS = YES;
				GCC_OPTIMIZATION_LEVEL = 0;
				GCC_PREPROCESSOR_DEFINITIONS = (
					"DEBUG=1",
					"$(inherited)",
				);
				GCC_WARN_64_TO_32_BIT_CONVERSION = YES;
				GCC_WARN_ABOUT_RETURN_TYPE = YES_ERROR;
				GCC_WARN_UNDECLARED_SELECTOR = YES;
				GCC_WARN_UNINITIALIZED_AUTOS = YES_AGGRESSIVE;
				GCC_WARN_UNUSED_FUNCTION = YES;
				GCC_WARN_UNUSED_VARIABLE = YES;
				IPHONEOS_DEPLOYMENT_TARGET = 15.0;
				MTL_ENABLE_DEBUG_INFO = INCLUDE_SOURCE;
				MTL_FAST_MATH = YES;
				ONLY_ACTIVE_ARCH = YES;
				SDKROOT = iphoneos;
				SWIFT_ACTIVE_COMPILATION_CONDITIONS = DEBUG;
				SWIFT_OPTIMIZATION_LEVEL = "-Onone";
			};
			name = Debug;
		};
		69696B2B2ACA3200007DD91F /* Release */ = {
			isa = XCBuildConfiguration;
			buildSettings = {
				ALWAYS_SEARCH_USER_PATHS = NO;
				CLANG_ANALYZER_NONNULL = YES;
				CLANG_ANALYZER_NUMBER_OBJECT_CONVERSION = YES_AGGRESSIVE;
				CLANG_CXX_LANGUAGE_STANDARD = "gnu++20";
				CLANG_ENABLE_MODULES = YES;
				CLANG_ENABLE_OBJC_ARC = YES;
				CLANG_ENABLE_OBJC_WEAK = YES;
				CLANG_WARN_BLOCK_CAPTURE_AUTORELEASING = YES;
				CLANG_WARN_BOOL_CONVERSION = YES;
				CLANG_WARN_COMMA = YES;
				CLANG_WARN_CONSTANT_CONVERSION = YES;
				CLANG_WARN_DEPRECATED_OBJC_IMPLEMENTATIONS = YES;
				CLANG_WARN_DIRECT_OBJC_ISA_USAGE = YES_ERROR;
				CLANG_WARN_DOCUMENTATION_COMMENTS = YES;
				CLANG_WARN_EMPTY_BODY = YES;
				CLANG_WARN_ENUM_CONVERSION = YES;
				CLANG_WARN_INFINITE_RECURSION = YES;
				CLANG_WARN_INT_CONVERSION = YES;
				CLANG_WARN_NON_LITERAL_NULL_CONVERSION = YES;
				CLANG_WARN_OBJC_IMPLICIT_RETAIN_SELF = YES;
				CLANG_WARN_OBJC_LITERAL_CONVERSION = YES;
				CLANG_WARN_OBJC_ROOT_CLASS = YES_ERROR;
				CLANG_WARN_QUOTED_INCLUDE_IN_FRAMEWORK_HEADER = YES;
				CLANG_WARN_RANGE_LOOP_ANALYSIS = YES;
				CLANG_WARN_STRICT_PROTOTYPES = YES;
				CLANG_WARN_SUSPICIOUS_MOVE = YES;
				CLANG_WARN_UNGUARDED_AVAILABILITY = YES_AGGRESSIVE;
				CLANG_WARN_UNREACHABLE_CODE = YES;
				CLANG_WARN__DUPLICATE_METHOD_MATCH = YES;
				COPY_PHASE_STRIP = NO;
				DEBUG_INFORMATION_FORMAT = "dwarf-with-dsym";
				ENABLE_NS_ASSERTIONS = NO;
				ENABLE_STRICT_OBJC_MSGSEND = YES;
				GCC_C_LANGUAGE_STANDARD = gnu11;
				GCC_NO_COMMON_BLOCKS = YES;
				GCC_WARN_64_TO_32_BIT_CONVERSION = YES;
				GCC_WARN_ABOUT_RETURN_TYPE = YES_ERROR;
				GCC_WARN_UNDECLARED_SELECTOR = YES;
				GCC_WARN_UNINITIALIZED_AUTOS = YES_AGGRESSIVE;
				GCC_WARN_UNUSED_FUNCTION = YES;
				GCC_WARN_UNUSED_VARIABLE = YES;
				IPHONEOS_DEPLOYMENT_TARGET = 15.0;
				MTL_ENABLE_DEBUG_INFO = NO;
				MTL_FAST_MATH = YES;
				SDKROOT = iphoneos;
				SWIFT_COMPILATION_MODE = wholemodule;
				SWIFT_OPTIMIZATION_LEVEL = "-O";
				VALIDATE_PRODUCT = YES;
			};
			name = Release;
		};
		69696B2D2ACA3200007DD91F /* Debug */ = {
			isa = XCBuildConfiguration;
			baseConfigurationReference = 5C6657561AED1451B4537F6B /* Pods-VideoMerger-Apple.debug.xcconfig */;
			buildSettings = {
				ASSETCATALOG_COMPILER_APPICON_NAME = AppIcon;
				ASSETCATALOG_COMPILER_GLOBAL_ACCENT_COLOR_NAME = AccentColor;
				CODE_SIGN_STYLE = Automatic;
				CURRENT_PROJECT_VERSION = 1;
				DEVELOPMENT_TEAM = 9TZZKGNZ6W;
				GENERATE_INFOPLIST_FILE = YES;
				INFOPLIST_FILE = "VideoMerger-Apple/Info.plist";
				INFOPLIST_KEY_CFBundleDisplayName = VideoMerger;
				INFOPLIST_KEY_NSPhotoLibraryUsageDescription = "This app needs access to Photos for select videos to merge";
				INFOPLIST_KEY_UIApplicationSupportsIndirectInputEvents = YES;
				INFOPLIST_KEY_UILaunchStoryboardName = LaunchScreen;
				INFOPLIST_KEY_UISupportedInterfaceOrientations_iPad = "UIInterfaceOrientationPortrait UIInterfaceOrientationPortraitUpsideDown UIInterfaceOrientationLandscapeLeft UIInterfaceOrientationLandscapeRight";
				INFOPLIST_KEY_UISupportedInterfaceOrientations_iPhone = "UIInterfaceOrientationPortrait UIInterfaceOrientationLandscapeLeft UIInterfaceOrientationLandscapeRight";
				IPHONEOS_DEPLOYMENT_TARGET = 15.0;
				LD_RUNPATH_SEARCH_PATHS = (
					"$(inherited)",
					"@executable_path/Frameworks",
				);
				MARKETING_VERSION = 1.0;
				PRODUCT_BUNDLE_IDENTIFIER = com.il.test.videomerger.apple;
				PRODUCT_NAME = "$(TARGET_NAME)";
				SWIFT_EMIT_LOC_STRINGS = YES;
				SWIFT_VERSION = 5.0;
				TARGETED_DEVICE_FAMILY = "1,2";
			};
			name = Debug;
		};
		69696B2E2ACA3200007DD91F /* Release */ = {
			isa = XCBuildConfiguration;
			baseConfigurationReference = 61F85276E3A5866346E53D80 /* Pods-VideoMerger-Apple.release.xcconfig */;
			buildSettings = {
				ASSETCATALOG_COMPILER_APPICON_NAME = AppIcon;
				ASSETCATALOG_COMPILER_GLOBAL_ACCENT_COLOR_NAME = AccentColor;
				CODE_SIGN_STYLE = Automatic;
				CURRENT_PROJECT_VERSION = 1;
				DEVELOPMENT_TEAM = 9TZZKGNZ6W;
				GENERATE_INFOPLIST_FILE = YES;
				INFOPLIST_FILE = "VideoMerger-Apple/Info.plist";
				INFOPLIST_KEY_CFBundleDisplayName = VideoMerger;
				INFOPLIST_KEY_NSPhotoLibraryUsageDescription = "This app needs access to Photos for select videos to merge";
				INFOPLIST_KEY_UIApplicationSupportsIndirectInputEvents = YES;
				INFOPLIST_KEY_UILaunchStoryboardName = LaunchScreen;
				INFOPLIST_KEY_UISupportedInterfaceOrientations_iPad = "UIInterfaceOrientationPortrait UIInterfaceOrientationPortraitUpsideDown UIInterfaceOrientationLandscapeLeft UIInterfaceOrientationLandscapeRight";
				INFOPLIST_KEY_UISupportedInterfaceOrientations_iPhone = "UIInterfaceOrientationPortrait UIInterfaceOrientationLandscapeLeft UIInterfaceOrientationLandscapeRight";
				IPHONEOS_DEPLOYMENT_TARGET = 15.0;
				LD_RUNPATH_SEARCH_PATHS = (
					"$(inherited)",
					"@executable_path/Frameworks",
				);
				MARKETING_VERSION = 1.0;
				PRODUCT_BUNDLE_IDENTIFIER = com.il.test.videomerger.apple;
				PRODUCT_NAME = "$(TARGET_NAME)";
				SWIFT_EMIT_LOC_STRINGS = YES;
				SWIFT_VERSION = 5.0;
				TARGETED_DEVICE_FAMILY = "1,2";
			};
			name = Release;
		};
		697B5CE32AD513CA00E01711 /* Debug */ = {
			isa = XCBuildConfiguration;
			baseConfigurationReference = 9C14CCED84A4950CB4949D6F /* Pods-FiltersViewModelTests.debug.xcconfig */;
			buildSettings = {
				BUNDLE_LOADER = "$(TEST_HOST)";
				CLANG_ENABLE_MODULES = YES;
				CODE_SIGN_STYLE = Automatic;
				CURRENT_PROJECT_VERSION = 1;
				DEVELOPMENT_TEAM = 9TZZKGNZ6W;
				GENERATE_INFOPLIST_FILE = YES;
				INFOPLIST_FILE = "VideoMerger-Apple-Tests/FiltersViewModelTests/Info.plist";
				IPHONEOS_DEPLOYMENT_TARGET = 15.0;
				MARKETING_VERSION = 1.0;
				PRODUCT_BUNDLE_IDENTIFIER = com.il.test.videomerger.apple.tests;
				PRODUCT_NAME = "$(TARGET_NAME)";
				SWIFT_EMIT_LOC_STRINGS = NO;
				SWIFT_OPTIMIZATION_LEVEL = "-Onone";
				SWIFT_VERSION = 5.0;
				TARGETED_DEVICE_FAMILY = "1,2";
				TEST_HOST = "$(BUILT_PRODUCTS_DIR)/VideoMerger-Apple.app/$(BUNDLE_EXECUTABLE_FOLDER_PATH)/VideoMerger-Apple";
			};
			name = Debug;
		};
		697B5CE42AD513CA00E01711 /* Release */ = {
			isa = XCBuildConfiguration;
			baseConfigurationReference = 3EDFCB19643217C5BD33A6AB /* Pods-FiltersViewModelTests.release.xcconfig */;
			buildSettings = {
				BUNDLE_LOADER = "$(TEST_HOST)";
				CLANG_ENABLE_MODULES = YES;
				CODE_SIGN_STYLE = Automatic;
				CURRENT_PROJECT_VERSION = 1;
				DEVELOPMENT_TEAM = 9TZZKGNZ6W;
				GENERATE_INFOPLIST_FILE = YES;
				INFOPLIST_FILE = "VideoMerger-Apple-Tests/FiltersViewModelTests/Info.plist";
				IPHONEOS_DEPLOYMENT_TARGET = 15.0;
				MARKETING_VERSION = 1.0;
				PRODUCT_BUNDLE_IDENTIFIER = com.il.test.videomerger.apple.tests;
				PRODUCT_NAME = "$(TARGET_NAME)";
				SWIFT_EMIT_LOC_STRINGS = NO;
				SWIFT_VERSION = 5.0;
				TARGETED_DEVICE_FAMILY = "1,2";
				TEST_HOST = "$(BUILT_PRODUCTS_DIR)/VideoMerger-Apple.app/$(BUNDLE_EXECUTABLE_FOLDER_PATH)/VideoMerger-Apple";
			};
			name = Release;
		};
/* End XCBuildConfiguration section */

/* Begin XCConfigurationList section */
		6939C4482AD659DF00BB7555 /* Build configuration list for PBXNativeTarget "FiltersModelTests" */ = {
			isa = XCConfigurationList;
			buildConfigurations = (
				6939C4492AD659DF00BB7555 /* Debug */,
				6939C44A2AD659DF00BB7555 /* Release */,
			);
			defaultConfigurationIsVisible = 0;
			defaultConfigurationName = Release;
		};
		69696B132ACA31FC007DD91F /* Build configuration list for PBXProject "VideoMerger-Apple" */ = {
			isa = XCConfigurationList;
			buildConfigurations = (
				69696B2A2ACA3200007DD91F /* Debug */,
				69696B2B2ACA3200007DD91F /* Release */,
			);
			defaultConfigurationIsVisible = 0;
			defaultConfigurationName = Release;
		};
		69696B2C2ACA3200007DD91F /* Build configuration list for PBXNativeTarget "VideoMerger-Apple" */ = {
			isa = XCConfigurationList;
			buildConfigurations = (
				69696B2D2ACA3200007DD91F /* Debug */,
				69696B2E2ACA3200007DD91F /* Release */,
			);
			defaultConfigurationIsVisible = 0;
			defaultConfigurationName = Release;
		};
		697B5CE22AD513CA00E01711 /* Build configuration list for PBXNativeTarget "FiltersViewModelTests" */ = {
			isa = XCConfigurationList;
			buildConfigurations = (
				697B5CE32AD513CA00E01711 /* Debug */,
				697B5CE42AD513CA00E01711 /* Release */,
			);
			defaultConfigurationIsVisible = 0;
			defaultConfigurationName = Release;
		};
/* End XCConfigurationList section */
	};
	rootObject = 69696B102ACA31FC007DD91F /* Project object */;
}
